// !$*UTF8*$!
{
	archiveVersion = 1;
	classes = {
	};
	objectVersion = 46;
	objects = {

/* Begin PBXBuildFile section */
		1AC6FB1F180E996B004C840B /* libbox2d Mac.a in Frameworks */ = {isa = PBXBuildFile; fileRef = 1AC6FAFF180E9839004C840B /* libbox2d Mac.a */; };
		1AC6FB20180E996B004C840B /* libchipmunk Mac.a in Frameworks */ = {isa = PBXBuildFile; fileRef = 1AC6FAFD180E9839004C840B /* libchipmunk Mac.a */; };
		1AC6FB21180E996B004C840B /* libcocos2dx Mac.a in Frameworks */ = {isa = PBXBuildFile; fileRef = 1AC6FAF9180E9839004C840B /* libcocos2dx Mac.a */; };
		1AC6FB22180E996B004C840B /* libcocos2dx-extensions Mac.a in Frameworks */ = {isa = PBXBuildFile; fileRef = 1AC6FAFB180E9839004C840B /* libcocos2dx-extensions Mac.a */; };
		1AC6FB23180E996B004C840B /* libCocosDenshion Mac.a in Frameworks */ = {isa = PBXBuildFile; fileRef = 1AC6FB01180E9839004C840B /* libCocosDenshion Mac.a */; };
		1AC6FB2E180E99EB004C840B /* libbox2d iOS.a in Frameworks */ = {isa = PBXBuildFile; fileRef = 1AC6FB0D180E9839004C840B /* libbox2d iOS.a */; };
		1AC6FB2F180E99EB004C840B /* libchipmunk iOS.a in Frameworks */ = {isa = PBXBuildFile; fileRef = 1AC6FB0B180E9839004C840B /* libchipmunk iOS.a */; };
		1AC6FB30180E99EB004C840B /* libcocos2dx iOS.a in Frameworks */ = {isa = PBXBuildFile; fileRef = 1AC6FB07180E9839004C840B /* libcocos2dx iOS.a */; };
		1AC6FB31180E99EB004C840B /* libcocos2dx-extensions iOS.a in Frameworks */ = {isa = PBXBuildFile; fileRef = 1AC6FB09180E9839004C840B /* libcocos2dx-extensions iOS.a */; };
		1AC6FB32180E99EB004C840B /* libCocosDenshion iOS.a in Frameworks */ = {isa = PBXBuildFile; fileRef = 1AC6FB0F180E9839004C840B /* libCocosDenshion iOS.a */; };
		1AFAF8B716D35DE700DB1158 /* AppDelegate.cpp in Sources */ = {isa = PBXBuildFile; fileRef = 1AFAF8B316D35DE700DB1158 /* AppDelegate.cpp */; };
		1D60589F0D05DD5A006BFB54 /* Foundation.framework in Frameworks */ = {isa = PBXBuildFile; fileRef = 1D30AB110D05D00D00671497 /* Foundation.framework */; };
		1DF5F4E00D08C38300B7A737 /* UIKit.framework in Frameworks */ = {isa = PBXBuildFile; fileRef = 1DF5F4DF0D08C38300B7A737 /* UIKit.framework */; };
		288765A50DF7441C002DB57D /* CoreGraphics.framework in Frameworks */ = {isa = PBXBuildFile; fileRef = 288765A40DF7441C002DB57D /* CoreGraphics.framework */; };
		503AE0F817EB97AB00D1A890 /* Icon.icns in Resources */ = {isa = PBXBuildFile; fileRef = 503AE0F617EB97AB00D1A890 /* Icon.icns */; };
		503AE10017EB989F00D1A890 /* AppController.mm in Sources */ = {isa = PBXBuildFile; fileRef = 503AE0FB17EB989F00D1A890 /* AppController.mm */; };
		503AE10117EB989F00D1A890 /* main.m in Sources */ = {isa = PBXBuildFile; fileRef = 503AE0FC17EB989F00D1A890 /* main.m */; };
		503AE10217EB989F00D1A890 /* RootViewController.mm in Sources */ = {isa = PBXBuildFile; fileRef = 503AE0FF17EB989F00D1A890 /* RootViewController.mm */; };
		503AE10517EB98FF00D1A890 /* main.cpp in Sources */ = {isa = PBXBuildFile; fileRef = 503AE10317EB98FF00D1A890 /* main.cpp */; };
		503AE11217EB99EE00D1A890 /* libcurl.dylib in Frameworks */ = {isa = PBXBuildFile; fileRef = 503AE11117EB99EE00D1A890 /* libcurl.dylib */; };
		503AE11B17EB9C5A00D1A890 /* IOKit.framework in Frameworks */ = {isa = PBXBuildFile; fileRef = 503AE11A17EB9C5A00D1A890 /* IOKit.framework */; };
		5087E75717EB910900C73F5D /* AppDelegate.cpp in Sources */ = {isa = PBXBuildFile; fileRef = 1AFAF8B316D35DE700DB1158 /* AppDelegate.cpp */; };
		5087E76317EB910900C73F5D /* Foundation.framework in Frameworks */ = {isa = PBXBuildFile; fileRef = 1D30AB110D05D00D00671497 /* Foundation.framework */; };
		5087E76517EB910900C73F5D /* CoreGraphics.framework in Frameworks */ = {isa = PBXBuildFile; fileRef = 288765A40DF7441C002DB57D /* CoreGraphics.framework */; };
		5087E76717EB910900C73F5D /* libz.dylib in Frameworks */ = {isa = PBXBuildFile; fileRef = BF170DB412928DE900B8313A /* libz.dylib */; };
		5087E76817EB910900C73F5D /* QuartzCore.framework in Frameworks */ = {isa = PBXBuildFile; fileRef = BF1C47EA1293683800B63C5D /* QuartzCore.framework */; };
		5087E76917EB910900C73F5D /* OpenAL.framework in Frameworks */ = {isa = PBXBuildFile; fileRef = D44C620B132DFF330009C878 /* OpenAL.framework */; };
		5087E76A17EB910900C73F5D /* AVFoundation.framework in Frameworks */ = {isa = PBXBuildFile; fileRef = D44C620D132DFF430009C878 /* AVFoundation.framework */; };
		5087E76B17EB910900C73F5D /* AudioToolbox.framework in Frameworks */ = {isa = PBXBuildFile; fileRef = D44C620F132DFF4E0009C878 /* AudioToolbox.framework */; };
		5087E77D17EB970100C73F5D /* Default-568h@2x.png in Resources */ = {isa = PBXBuildFile; fileRef = 5087E77217EB970100C73F5D /* Default-568h@2x.png */; };
		5087E77E17EB970100C73F5D /* Default.png in Resources */ = {isa = PBXBuildFile; fileRef = 5087E77317EB970100C73F5D /* Default.png */; };
		5087E77F17EB970100C73F5D /* Default@2x.png in Resources */ = {isa = PBXBuildFile; fileRef = 5087E77417EB970100C73F5D /* Default@2x.png */; };
		5087E78017EB970100C73F5D /* Icon-114.png in Resources */ = {isa = PBXBuildFile; fileRef = 5087E77517EB970100C73F5D /* Icon-114.png */; };
		5087E78117EB970100C73F5D /* Icon-120.png in Resources */ = {isa = PBXBuildFile; fileRef = 5087E77617EB970100C73F5D /* Icon-120.png */; };
		5087E78217EB970100C73F5D /* Icon-144.png in Resources */ = {isa = PBXBuildFile; fileRef = 5087E77717EB970100C73F5D /* Icon-144.png */; };
		5087E78317EB970100C73F5D /* Icon-152.png in Resources */ = {isa = PBXBuildFile; fileRef = 5087E77817EB970100C73F5D /* Icon-152.png */; };
		5087E78417EB970100C73F5D /* Icon-57.png in Resources */ = {isa = PBXBuildFile; fileRef = 5087E77917EB970100C73F5D /* Icon-57.png */; };
		5087E78517EB970100C73F5D /* Icon-72.png in Resources */ = {isa = PBXBuildFile; fileRef = 5087E77A17EB970100C73F5D /* Icon-72.png */; };
		5087E78617EB970100C73F5D /* Icon-76.png in Resources */ = {isa = PBXBuildFile; fileRef = 5087E77B17EB970100C73F5D /* Icon-76.png */; };
		5087E78917EB974C00C73F5D /* AppKit.framework in Frameworks */ = {isa = PBXBuildFile; fileRef = 5087E78817EB974C00C73F5D /* AppKit.framework */; };
		5087E78B17EB975400C73F5D /* OpenGL.framework in Frameworks */ = {isa = PBXBuildFile; fileRef = 5087E78A17EB975400C73F5D /* OpenGL.framework */; };
		50EF629617ECD46A001EB2F8 /* Icon-40.png in Resources */ = {isa = PBXBuildFile; fileRef = 50EF629217ECD46A001EB2F8 /* Icon-40.png */; };
		50EF629717ECD46A001EB2F8 /* Icon-58.png in Resources */ = {isa = PBXBuildFile; fileRef = 50EF629317ECD46A001EB2F8 /* Icon-58.png */; };
		50EF629817ECD46A001EB2F8 /* Icon-80.png in Resources */ = {isa = PBXBuildFile; fileRef = 50EF629417ECD46A001EB2F8 /* Icon-80.png */; };
		50EF629917ECD46A001EB2F8 /* Icon-100.png in Resources */ = {isa = PBXBuildFile; fileRef = 50EF629517ECD46A001EB2F8 /* Icon-100.png */; };
		50EF62A217ECD613001EB2F8 /* Icon-29.png in Resources */ = {isa = PBXBuildFile; fileRef = 50EF62A017ECD613001EB2F8 /* Icon-29.png */; };
		50EF62A317ECD613001EB2F8 /* Icon-50.png in Resources */ = {isa = PBXBuildFile; fileRef = 50EF62A117ECD613001EB2F8 /* Icon-50.png */; };
		BF171245129291EC00B8313A /* OpenGLES.framework in Frameworks */ = {isa = PBXBuildFile; fileRef = BF170DB012928DE900B8313A /* OpenGLES.framework */; };
		BF1712471292920000B8313A /* libz.dylib in Frameworks */ = {isa = PBXBuildFile; fileRef = BF170DB412928DE900B8313A /* libz.dylib */; };
		BF1C47F01293687400B63C5D /* QuartzCore.framework in Frameworks */ = {isa = PBXBuildFile; fileRef = BF1C47EA1293683800B63C5D /* QuartzCore.framework */; };
		CE0D522B188A507F00ECB309 /* icon_set in Resources */ = {isa = PBXBuildFile; fileRef = CE0D522A188A507F00ECB309 /* icon_set */; };
		CE119DDB1919F1730047B44D /* ItemStockPageLayer.cpp in Sources */ = {isa = PBXBuildFile; fileRef = CE119DD91919F1730047B44D /* ItemStockPageLayer.cpp */; };
		CE119DDE1919F1A50047B44D /* TopPageLayer.cpp in Sources */ = {isa = PBXBuildFile; fileRef = CE119DDC1919F1A50047B44D /* TopPageLayer.cpp */; };
		CE119DE11919F44F0047B44D /* ItemMixedPageLayer.cpp in Sources */ = {isa = PBXBuildFile; fileRef = CE119DDF1919F44F0047B44D /* ItemMixedPageLayer.cpp */; };
		CE1EFC7B191A047500E5EFE4 /* MypageHeaderLayer.cpp in Sources */ = {isa = PBXBuildFile; fileRef = CE1EFC79191A047500E5EFE4 /* MypageHeaderLayer.cpp */; };
		CE2F8A3F18AF28E5001B457C /* novel in Resources */ = {isa = PBXBuildFile; fileRef = CE2F8A3D18AF28E5001B457C /* novel */; };
		CE5AC3F1191692AA00ED0A22 /* ItemInventoryLayer.cpp in Sources */ = {isa = PBXBuildFile; fileRef = CE5AC3EF191692AA00ED0A22 /* ItemInventoryLayer.cpp */; };
		CE626DE81914BEF6005925DC /* BattleScene.cpp in Sources */ = {isa = PBXBuildFile; fileRef = CE626D721914BEF6005925DC /* BattleScene.cpp */; };
		CE626DE91914BEF6005925DC /* LabelRPG.cpp in Sources */ = {isa = PBXBuildFile; fileRef = CE626D791914BEF6005925DC /* LabelRPG.cpp */; };
		CE626DEA1914BEF6005925DC /* AlertDialogLayer.cpp in Sources */ = {isa = PBXBuildFile; fileRef = CE626D7C1914BEF6005925DC /* AlertDialogLayer.cpp */; };
		CE626DEC1914BEF6005925DC /* ItemWindowLayer.cpp in Sources */ = {isa = PBXBuildFile; fileRef = CE626D801914BEF6005925DC /* ItemWindowLayer.cpp */; };
		CE626DED1914BEF6005925DC /* JoystickLayer.cpp in Sources */ = {isa = PBXBuildFile; fileRef = CE626D821914BEF6005925DC /* JoystickLayer.cpp */; };
		CE626DEE1914BEF6005925DC /* ModalLayer.cpp in Sources */ = {isa = PBXBuildFile; fileRef = CE626D841914BEF6005925DC /* ModalLayer.cpp */; };
		CE626DEF1914BEF6005925DC /* SystemMenuLayer.cpp in Sources */ = {isa = PBXBuildFile; fileRef = CE626D861914BEF6005925DC /* SystemMenuLayer.cpp */; };
		CE626DF01914BEF6005925DC /* TableViewTestLayer.cpp in Sources */ = {isa = PBXBuildFile; fileRef = CE626D881914BEF6005925DC /* TableViewTestLayer.cpp */; };
		CE626DF11914BEF6005925DC /* ActorSprite.cpp in Sources */ = {isa = PBXBuildFile; fileRef = CE626D8C1914BEF6005925DC /* ActorSprite.cpp */; };
		CE626DF21914BEF6005925DC /* CommonWindowUtil.cpp in Sources */ = {isa = PBXBuildFile; fileRef = CE626D8F1914BEF6005925DC /* CommonWindowUtil.cpp */; };
		CE626DF31914BEF6005925DC /* MAccessoryDao.cpp in Sources */ = {isa = PBXBuildFile; fileRef = CE626D941914BEF6005925DC /* MAccessoryDao.cpp */; };
		CE626DF41914BEF6005925DC /* MLevelDao.cpp in Sources */ = {isa = PBXBuildFile; fileRef = CE626D961914BEF6005925DC /* MLevelDao.cpp */; };
		CE626DF51914BEF6005925DC /* MUseItemDao.cpp in Sources */ = {isa = PBXBuildFile; fileRef = CE626D981914BEF6005925DC /* MUseItemDao.cpp */; };
		CE626DF61914BEF6005925DC /* MWeaponDao.cpp in Sources */ = {isa = PBXBuildFile; fileRef = CE626D9A1914BEF6005925DC /* MWeaponDao.cpp */; };
		CE626DF71914BEF6005925DC /* MAccessory.cpp in Sources */ = {isa = PBXBuildFile; fileRef = CE626D9D1914BEF6005925DC /* MAccessory.cpp */; };
		CE626DF81914BEF6005925DC /* MLevel.cpp in Sources */ = {isa = PBXBuildFile; fileRef = CE626D9F1914BEF6005925DC /* MLevel.cpp */; };
		CE626DF91914BEF6005925DC /* MUseItem.cpp in Sources */ = {isa = PBXBuildFile; fileRef = CE626DA41914BEF6005925DC /* MUseItem.cpp */; };
		CE626DFA1914BEF6005925DC /* MWeapon.cpp in Sources */ = {isa = PBXBuildFile; fileRef = CE626DA61914BEF6005925DC /* MWeapon.cpp */; };
		CE626DFB1914BEF6005925DC /* ActorDto.cpp in Sources */ = {isa = PBXBuildFile; fileRef = CE626DA91914BEF6005925DC /* ActorDto.cpp */; };
		CE626DFC1914BEF6005925DC /* ActorEquipDto.cpp in Sources */ = {isa = PBXBuildFile; fileRef = CE626DAB1914BEF6005925DC /* ActorEquipDto.cpp */; };
		CE626DFD1914BEF6005925DC /* BattleLogic.cpp in Sources */ = {isa = PBXBuildFile; fileRef = CE626DAE1914BEF6005925DC /* BattleLogic.cpp */; };
		CE626DFE1914BEF6005925DC /* ItemLogic.cpp in Sources */ = {isa = PBXBuildFile; fileRef = CE626DB01914BEF6005925DC /* ItemLogic.cpp */; };
		CE626DFF1914BEF6005925DC /* MapManager.cpp in Sources */ = {isa = PBXBuildFile; fileRef = CE626DB21914BEF6005925DC /* MapManager.cpp */; };
		CE626E001914BEF6005925DC /* NovelScene.cpp in Sources */ = {isa = PBXBuildFile; fileRef = CE626DBD1914BEF6005925DC /* NovelScene.cpp */; };
		CE626E011914BEF6005925DC /* AccountData.cpp in Sources */ = {isa = PBXBuildFile; fileRef = CE626DC41914BEF6005925DC /* AccountData.cpp */; };
		CE626E041914BEF6005925DC /* RogueTMXTiledMap.cpp in Sources */ = {isa = PBXBuildFile; fileRef = CE626DCD1914BEF6005925DC /* RogueTMXTiledMap.cpp */; };
		CE626E061914BEF6005925DC /* MypageScene.cpp in Sources */ = {isa = PBXBuildFile; fileRef = CE626DD31914BEF6005925DC /* MypageScene.cpp */; };
		CE626E071914BEF6005925DC /* RogueScene.cpp in Sources */ = {isa = PBXBuildFile; fileRef = CE626DD51914BEF6005925DC /* RogueScene.cpp */; };
		CE626E081914BEF6005925DC /* DropItemSprite.cpp in Sources */ = {isa = PBXBuildFile; fileRef = CE626DD81914BEF6005925DC /* DropItemSprite.cpp */; };
		CE626E091914BEF6005925DC /* SRPGMapLayer.cpp in Sources */ = {isa = PBXBuildFile; fileRef = CE626DE01914BEF6005925DC /* SRPGMapLayer.cpp */; };
		CE626E0A1914BEF6005925DC /* SRPGScene.cpp in Sources */ = {isa = PBXBuildFile; fileRef = CE626DE41914BEF6005925DC /* SRPGScene.cpp */; };
		CE626E0D1914C68B005925DC /* ItemInventoryDto.cpp in Sources */ = {isa = PBXBuildFile; fileRef = CE626E0B1914C68B005925DC /* ItemInventoryDto.cpp */; };
		CE6E644C18DB33CF0008C116 /* game_over.jpg in Resources */ = {isa = PBXBuildFile; fileRef = CE6E644B18DB33CF0008C116 /* game_over.jpg */; };
		CE73FB2418B0A3F1009273D0 /* test_master in Resources */ = {isa = PBXBuildFile; fileRef = CE73FB2318B0A3F1009273D0 /* test_master */; };
		CE81F79618940AA900A8162B /* kaidan.png in Resources */ = {isa = PBXBuildFile; fileRef = CE81F79518940AA900A8162B /* kaidan.png */; };
		CE93B4BF188156FC00825FD1 /* fonts in Resources */ = {isa = PBXBuildFile; fileRef = CE93B4A4188156FC00825FD1 /* fonts */; };
		CE93B4C0188156FC00825FD1 /* grid32.png in Resources */ = {isa = PBXBuildFile; fileRef = CE93B4A5188156FC00825FD1 /* grid32.png */; };
		CE93B4C8188156FC00825FD1 /* menu_button.png in Resources */ = {isa = PBXBuildFile; fileRef = CE93B4AD188156FC00825FD1 /* menu_button.png */; };
		CE93B4CA188156FC00825FD1 /* tmx in Resources */ = {isa = PBXBuildFile; fileRef = CE93B4AF188156FC00825FD1 /* tmx */; };
		CE9A70441918BBF300F685A4 /* SystemDataDto.cpp in Sources */ = {isa = PBXBuildFile; fileRef = CE9A70421918BBF300F685A4 /* SystemDataDto.cpp */; };
		CEA247F319152C8100B0656A /* ItemDto.cpp in Sources */ = {isa = PBXBuildFile; fileRef = CEA247F119152C8100B0656A /* ItemDto.cpp */; };
		CEB1A5E71881895A00D26BAE /* ui in Resources */ = {isa = PBXBuildFile; fileRef = CEB1A5E61881895A00D26BAE /* ui */; };
		CECE37AD18B9A08C0086C8A0 /* bg in Resources */ = {isa = PBXBuildFile; fileRef = CECE37AC18B9A08C0086C8A0 /* bg */; };
		CECE37B518B9A6EA0086C8A0 /* battle in Resources */ = {isa = PBXBuildFile; fileRef = CECE37B418B9A6EA0086C8A0 /* battle */; };
		CEF46A6818B87A0200F887CA /* actor in Resources */ = {isa = PBXBuildFile; fileRef = CEF46A6718B87A0200F887CA /* actor */; };
		D44C620C132DFF330009C878 /* OpenAL.framework in Frameworks */ = {isa = PBXBuildFile; fileRef = D44C620B132DFF330009C878 /* OpenAL.framework */; };
		D44C620E132DFF430009C878 /* AVFoundation.framework in Frameworks */ = {isa = PBXBuildFile; fileRef = D44C620D132DFF430009C878 /* AVFoundation.framework */; };
		D44C6210132DFF4E0009C878 /* AudioToolbox.framework in Frameworks */ = {isa = PBXBuildFile; fileRef = D44C620F132DFF4E0009C878 /* AudioToolbox.framework */; };
		D6B0611B1803AB670077942B /* CoreMotion.framework in Frameworks */ = {isa = PBXBuildFile; fileRef = D6B0611A1803AB670077942B /* CoreMotion.framework */; };
/* End PBXBuildFile section */

/* Begin PBXContainerItemProxy section */
		1AC6FAF8180E9839004C840B /* PBXContainerItemProxy */ = {
			isa = PBXContainerItemProxy;
			containerPortal = 1AC6FAE5180E9839004C840B /* cocos2d_libs.xcodeproj */;
			proxyType = 2;
			remoteGlobalIDString = 1551A33F158F2AB200E66CFE;
			remoteInfo = "cocos2dx Mac";
		};
		1AC6FAFA180E9839004C840B /* PBXContainerItemProxy */ = {
			isa = PBXContainerItemProxy;
			containerPortal = 1AC6FAE5180E9839004C840B /* cocos2d_libs.xcodeproj */;
			proxyType = 2;
			remoteGlobalIDString = A03F2FD617814595006731B9;
			remoteInfo = "cocos2dx-extensions Mac";
		};
		1AC6FAFC180E9839004C840B /* PBXContainerItemProxy */ = {
			isa = PBXContainerItemProxy;
			containerPortal = 1AC6FAE5180E9839004C840B /* cocos2d_libs.xcodeproj */;
			proxyType = 2;
			remoteGlobalIDString = A03F2CB81780BD04006731B9;
			remoteInfo = "chipmunk Mac";
		};
		1AC6FAFE180E9839004C840B /* PBXContainerItemProxy */ = {
			isa = PBXContainerItemProxy;
			containerPortal = 1AC6FAE5180E9839004C840B /* cocos2d_libs.xcodeproj */;
			proxyType = 2;
			remoteGlobalIDString = A03F2D9B1780BDF7006731B9;
			remoteInfo = "box2d Mac";
		};
		1AC6FB00180E9839004C840B /* PBXContainerItemProxy */ = {
			isa = PBXContainerItemProxy;
			containerPortal = 1AC6FAE5180E9839004C840B /* cocos2d_libs.xcodeproj */;
			proxyType = 2;
			remoteGlobalIDString = A03F2ED617814268006731B9;
			remoteInfo = "CocosDenshion Mac";
		};
		1AC6FB06180E9839004C840B /* PBXContainerItemProxy */ = {
			isa = PBXContainerItemProxy;
			containerPortal = 1AC6FAE5180E9839004C840B /* cocos2d_libs.xcodeproj */;
			proxyType = 2;
			remoteGlobalIDString = A07A4D641783777C0073F6A7;
			remoteInfo = "cocos2dx iOS";
		};
		1AC6FB08180E9839004C840B /* PBXContainerItemProxy */ = {
			isa = PBXContainerItemProxy;
			containerPortal = 1AC6FAE5180E9839004C840B /* cocos2d_libs.xcodeproj */;
			proxyType = 2;
			remoteGlobalIDString = A07A4EFC1783867C0073F6A7;
			remoteInfo = "cocos2dx-extensions iOS";
		};
		1AC6FB0A180E9839004C840B /* PBXContainerItemProxy */ = {
			isa = PBXContainerItemProxy;
			containerPortal = 1AC6FAE5180E9839004C840B /* cocos2d_libs.xcodeproj */;
			proxyType = 2;
			remoteGlobalIDString = A07A4F3B178387670073F6A7;
			remoteInfo = "chipmunk iOS";
		};
		1AC6FB0C180E9839004C840B /* PBXContainerItemProxy */ = {
			isa = PBXContainerItemProxy;
			containerPortal = 1AC6FAE5180E9839004C840B /* cocos2d_libs.xcodeproj */;
			proxyType = 2;
			remoteGlobalIDString = A07A4F9E1783876B0073F6A7;
			remoteInfo = "box2d iOS";
		};
		1AC6FB0E180E9839004C840B /* PBXContainerItemProxy */ = {
			isa = PBXContainerItemProxy;
			containerPortal = 1AC6FAE5180E9839004C840B /* cocos2d_libs.xcodeproj */;
			proxyType = 2;
			remoteGlobalIDString = A07A4FB4178387730073F6A7;
			remoteInfo = "CocosDenshion iOS";
		};
		1AC6FB15180E9959004C840B /* PBXContainerItemProxy */ = {
			isa = PBXContainerItemProxy;
			containerPortal = 1AC6FAE5180E9839004C840B /* cocos2d_libs.xcodeproj */;
			proxyType = 1;
			remoteGlobalIDString = 1551A33E158F2AB200E66CFE;
			remoteInfo = "cocos2dx Mac";
		};
		1AC6FB17180E9959004C840B /* PBXContainerItemProxy */ = {
			isa = PBXContainerItemProxy;
			containerPortal = 1AC6FAE5180E9839004C840B /* cocos2d_libs.xcodeproj */;
			proxyType = 1;
			remoteGlobalIDString = A03F2FC117814595006731B9;
			remoteInfo = "cocos2dx-extensions Mac";
		};
		1AC6FB19180E9959004C840B /* PBXContainerItemProxy */ = {
			isa = PBXContainerItemProxy;
			containerPortal = 1AC6FAE5180E9839004C840B /* cocos2d_libs.xcodeproj */;
			proxyType = 1;
			remoteGlobalIDString = A03F2B781780BD04006731B9;
			remoteInfo = "chipmunk Mac";
		};
		1AC6FB1B180E9959004C840B /* PBXContainerItemProxy */ = {
			isa = PBXContainerItemProxy;
			containerPortal = 1AC6FAE5180E9839004C840B /* cocos2d_libs.xcodeproj */;
			proxyType = 1;
			remoteGlobalIDString = A03F2E9817814268006731B9;
			remoteInfo = "CocosDenshion Mac";
		};
		1AC6FB1D180E9963004C840B /* PBXContainerItemProxy */ = {
			isa = PBXContainerItemProxy;
			containerPortal = 1AC6FAE5180E9839004C840B /* cocos2d_libs.xcodeproj */;
			proxyType = 1;
			remoteGlobalIDString = A03F2D5D1780BDF7006731B9;
			remoteInfo = "box2d Mac";
		};
		1AC6FB24180E99E1004C840B /* PBXContainerItemProxy */ = {
			isa = PBXContainerItemProxy;
			containerPortal = 1AC6FAE5180E9839004C840B /* cocos2d_libs.xcodeproj */;
			proxyType = 1;
			remoteGlobalIDString = A07A4C241783777C0073F6A7;
			remoteInfo = "cocos2dx iOS";
		};
		1AC6FB26180E99E1004C840B /* PBXContainerItemProxy */ = {
			isa = PBXContainerItemProxy;
			containerPortal = 1AC6FAE5180E9839004C840B /* cocos2d_libs.xcodeproj */;
			proxyType = 1;
			remoteGlobalIDString = A07A4E111783867C0073F6A7;
			remoteInfo = "cocos2dx-extensions iOS";
		};
		1AC6FB28180E99E1004C840B /* PBXContainerItemProxy */ = {
			isa = PBXContainerItemProxy;
			containerPortal = 1AC6FAE5180E9839004C840B /* cocos2d_libs.xcodeproj */;
			proxyType = 1;
			remoteGlobalIDString = A07A4EFD178387670073F6A7;
			remoteInfo = "chipmunk iOS";
		};
		1AC6FB2A180E99E1004C840B /* PBXContainerItemProxy */ = {
			isa = PBXContainerItemProxy;
			containerPortal = 1AC6FAE5180E9839004C840B /* cocos2d_libs.xcodeproj */;
			proxyType = 1;
			remoteGlobalIDString = A07A4F3C1783876B0073F6A7;
			remoteInfo = "box2d iOS";
		};
		1AC6FB2C180E99E1004C840B /* PBXContainerItemProxy */ = {
			isa = PBXContainerItemProxy;
			containerPortal = 1AC6FAE5180E9839004C840B /* cocos2d_libs.xcodeproj */;
			proxyType = 1;
			remoteGlobalIDString = A07A4F9F178387730073F6A7;
			remoteInfo = "CocosDenshion iOS";
		};
/* End PBXContainerItemProxy section */

/* Begin PBXFileReference section */
		1AC6FAE5180E9839004C840B /* cocos2d_libs.xcodeproj */ = {isa = PBXFileReference; lastKnownFileType = "wrapper.pb-project"; name = cocos2d_libs.xcodeproj; path = ../cocos2d/build/cocos2d_libs.xcodeproj; sourceTree = "<group>"; };
		1ACB3243164770DE00914215 /* libcurl.a */ = {isa = PBXFileReference; lastKnownFileType = archive.ar; name = libcurl.a; path = ../../cocos2dx/platform/third_party/ios/libraries/libcurl.a; sourceTree = "<group>"; };
		1AFAF8B316D35DE700DB1158 /* AppDelegate.cpp */ = {isa = PBXFileReference; fileEncoding = 4; lastKnownFileType = sourcecode.cpp.cpp; name = AppDelegate.cpp; path = ../Classes/AppDelegate.cpp; sourceTree = "<group>"; };
		1AFAF8B416D35DE700DB1158 /* AppDelegate.h */ = {isa = PBXFileReference; fileEncoding = 4; lastKnownFileType = sourcecode.c.h; name = AppDelegate.h; path = ../Classes/AppDelegate.h; sourceTree = "<group>"; };
		1D30AB110D05D00D00671497 /* Foundation.framework */ = {isa = PBXFileReference; lastKnownFileType = wrapper.framework; name = Foundation.framework; path = System/Library/Frameworks/Foundation.framework; sourceTree = SDKROOT; };
		1D6058910D05DD3D006BFB54 /* Cocos2dRogueLike iOS.app */ = {isa = PBXFileReference; explicitFileType = wrapper.application; includeInIndex = 0; path = "Cocos2dRogueLike iOS.app"; sourceTree = BUILT_PRODUCTS_DIR; };
		1DF5F4DF0D08C38300B7A737 /* UIKit.framework */ = {isa = PBXFileReference; lastKnownFileType = wrapper.framework; name = UIKit.framework; path = System/Library/Frameworks/UIKit.framework; sourceTree = SDKROOT; };
		288765A40DF7441C002DB57D /* CoreGraphics.framework */ = {isa = PBXFileReference; lastKnownFileType = wrapper.framework; name = CoreGraphics.framework; path = System/Library/Frameworks/CoreGraphics.framework; sourceTree = SDKROOT; };
		503AE0F617EB97AB00D1A890 /* Icon.icns */ = {isa = PBXFileReference; lastKnownFileType = image.icns; path = Icon.icns; sourceTree = "<group>"; };
		503AE0F717EB97AB00D1A890 /* Info.plist */ = {isa = PBXFileReference; fileEncoding = 4; lastKnownFileType = text.plist.xml; path = Info.plist; sourceTree = "<group>"; };
		503AE0FA17EB989F00D1A890 /* AppController.h */ = {isa = PBXFileReference; fileEncoding = 4; lastKnownFileType = sourcecode.c.h; name = AppController.h; path = ios/AppController.h; sourceTree = SOURCE_ROOT; };
		503AE0FB17EB989F00D1A890 /* AppController.mm */ = {isa = PBXFileReference; fileEncoding = 4; lastKnownFileType = sourcecode.cpp.objcpp; name = AppController.mm; path = ios/AppController.mm; sourceTree = SOURCE_ROOT; };
		503AE0FC17EB989F00D1A890 /* main.m */ = {isa = PBXFileReference; fileEncoding = 4; lastKnownFileType = sourcecode.c.objc; name = main.m; path = ios/main.m; sourceTree = SOURCE_ROOT; };
		503AE0FD17EB989F00D1A890 /* Prefix.pch */ = {isa = PBXFileReference; fileEncoding = 4; lastKnownFileType = sourcecode.c.h; name = Prefix.pch; path = ios/Prefix.pch; sourceTree = SOURCE_ROOT; };
		503AE0FE17EB989F00D1A890 /* RootViewController.h */ = {isa = PBXFileReference; fileEncoding = 4; lastKnownFileType = sourcecode.c.h; name = RootViewController.h; path = ios/RootViewController.h; sourceTree = SOURCE_ROOT; };
		503AE0FF17EB989F00D1A890 /* RootViewController.mm */ = {isa = PBXFileReference; fileEncoding = 4; lastKnownFileType = sourcecode.cpp.objcpp; name = RootViewController.mm; path = ios/RootViewController.mm; sourceTree = SOURCE_ROOT; };
		503AE10317EB98FF00D1A890 /* main.cpp */ = {isa = PBXFileReference; fileEncoding = 4; lastKnownFileType = sourcecode.cpp.cpp; name = main.cpp; path = mac/main.cpp; sourceTree = "<group>"; };
		503AE10417EB98FF00D1A890 /* Prefix.pch */ = {isa = PBXFileReference; fileEncoding = 4; lastKnownFileType = sourcecode.c.h; name = Prefix.pch; path = mac/Prefix.pch; sourceTree = "<group>"; };
		503AE11117EB99EE00D1A890 /* libcurl.dylib */ = {isa = PBXFileReference; lastKnownFileType = "compiled.mach-o.dylib"; name = libcurl.dylib; path = usr/lib/libcurl.dylib; sourceTree = SDKROOT; };
		503AE11A17EB9C5A00D1A890 /* IOKit.framework */ = {isa = PBXFileReference; lastKnownFileType = wrapper.framework; name = IOKit.framework; path = System/Library/Frameworks/IOKit.framework; sourceTree = SDKROOT; };
		5087E76F17EB910900C73F5D /* Cocos2dRogueLike Mac.app */ = {isa = PBXFileReference; explicitFileType = wrapper.application; includeInIndex = 0; path = "Cocos2dRogueLike Mac.app"; sourceTree = BUILT_PRODUCTS_DIR; };
		5087E77217EB970100C73F5D /* Default-568h@2x.png */ = {isa = PBXFileReference; lastKnownFileType = image.png; path = "Default-568h@2x.png"; sourceTree = "<group>"; };
		5087E77317EB970100C73F5D /* Default.png */ = {isa = PBXFileReference; lastKnownFileType = image.png; path = Default.png; sourceTree = "<group>"; };
		5087E77417EB970100C73F5D /* Default@2x.png */ = {isa = PBXFileReference; lastKnownFileType = image.png; path = "Default@2x.png"; sourceTree = "<group>"; };
		5087E77517EB970100C73F5D /* Icon-114.png */ = {isa = PBXFileReference; lastKnownFileType = image.png; path = "Icon-114.png"; sourceTree = "<group>"; };
		5087E77617EB970100C73F5D /* Icon-120.png */ = {isa = PBXFileReference; lastKnownFileType = image.png; path = "Icon-120.png"; sourceTree = "<group>"; };
		5087E77717EB970100C73F5D /* Icon-144.png */ = {isa = PBXFileReference; lastKnownFileType = image.png; path = "Icon-144.png"; sourceTree = "<group>"; };
		5087E77817EB970100C73F5D /* Icon-152.png */ = {isa = PBXFileReference; lastKnownFileType = image.png; path = "Icon-152.png"; sourceTree = "<group>"; };
		5087E77917EB970100C73F5D /* Icon-57.png */ = {isa = PBXFileReference; lastKnownFileType = image.png; path = "Icon-57.png"; sourceTree = "<group>"; };
		5087E77A17EB970100C73F5D /* Icon-72.png */ = {isa = PBXFileReference; lastKnownFileType = image.png; path = "Icon-72.png"; sourceTree = "<group>"; };
		5087E77B17EB970100C73F5D /* Icon-76.png */ = {isa = PBXFileReference; lastKnownFileType = image.png; path = "Icon-76.png"; sourceTree = "<group>"; };
		5087E77C17EB970100C73F5D /* Info.plist */ = {isa = PBXFileReference; fileEncoding = 4; lastKnownFileType = text.plist.xml; path = Info.plist; sourceTree = "<group>"; };
		5087E78817EB974C00C73F5D /* AppKit.framework */ = {isa = PBXFileReference; lastKnownFileType = wrapper.framework; name = AppKit.framework; path = System/Library/Frameworks/AppKit.framework; sourceTree = SDKROOT; };
		5087E78A17EB975400C73F5D /* OpenGL.framework */ = {isa = PBXFileReference; lastKnownFileType = wrapper.framework; name = OpenGL.framework; path = System/Library/Frameworks/OpenGL.framework; sourceTree = SDKROOT; };
		50EF629217ECD46A001EB2F8 /* Icon-40.png */ = {isa = PBXFileReference; lastKnownFileType = image.png; path = "Icon-40.png"; sourceTree = "<group>"; };
		50EF629317ECD46A001EB2F8 /* Icon-58.png */ = {isa = PBXFileReference; lastKnownFileType = image.png; path = "Icon-58.png"; sourceTree = "<group>"; };
		50EF629417ECD46A001EB2F8 /* Icon-80.png */ = {isa = PBXFileReference; lastKnownFileType = image.png; path = "Icon-80.png"; sourceTree = "<group>"; };
		50EF629517ECD46A001EB2F8 /* Icon-100.png */ = {isa = PBXFileReference; lastKnownFileType = image.png; path = "Icon-100.png"; sourceTree = "<group>"; };
		50EF62A017ECD613001EB2F8 /* Icon-29.png */ = {isa = PBXFileReference; lastKnownFileType = image.png; path = "Icon-29.png"; sourceTree = "<group>"; };
		50EF62A117ECD613001EB2F8 /* Icon-50.png */ = {isa = PBXFileReference; lastKnownFileType = image.png; path = "Icon-50.png"; sourceTree = "<group>"; };
		BF170DB012928DE900B8313A /* OpenGLES.framework */ = {isa = PBXFileReference; lastKnownFileType = wrapper.framework; name = OpenGLES.framework; path = System/Library/Frameworks/OpenGLES.framework; sourceTree = SDKROOT; };
		BF170DB412928DE900B8313A /* libz.dylib */ = {isa = PBXFileReference; lastKnownFileType = "compiled.mach-o.dylib"; name = libz.dylib; path = usr/lib/libz.dylib; sourceTree = SDKROOT; };
		BF1C47EA1293683800B63C5D /* QuartzCore.framework */ = {isa = PBXFileReference; lastKnownFileType = wrapper.framework; name = QuartzCore.framework; path = System/Library/Frameworks/QuartzCore.framework; sourceTree = SDKROOT; };
		CE0D522A188A507F00ECB309 /* icon_set */ = {isa = PBXFileReference; lastKnownFileType = folder; path = icon_set; sourceTree = "<group>"; };
		CE119DD91919F1730047B44D /* ItemStockPageLayer.cpp */ = {isa = PBXFileReference; fileEncoding = 4; lastKnownFileType = sourcecode.cpp.cpp; path = ItemStockPageLayer.cpp; sourceTree = "<group>"; };
		CE119DDA1919F1730047B44D /* ItemStockPageLayer.h */ = {isa = PBXFileReference; fileEncoding = 4; lastKnownFileType = sourcecode.c.h; path = ItemStockPageLayer.h; sourceTree = "<group>"; };
		CE119DDC1919F1A50047B44D /* TopPageLayer.cpp */ = {isa = PBXFileReference; fileEncoding = 4; lastKnownFileType = sourcecode.cpp.cpp; path = TopPageLayer.cpp; sourceTree = "<group>"; };
		CE119DDD1919F1A50047B44D /* TopPageLayer.h */ = {isa = PBXFileReference; fileEncoding = 4; lastKnownFileType = sourcecode.c.h; path = TopPageLayer.h; sourceTree = "<group>"; };
		CE119DDF1919F44F0047B44D /* ItemMixedPageLayer.cpp */ = {isa = PBXFileReference; fileEncoding = 4; lastKnownFileType = sourcecode.cpp.cpp; path = ItemMixedPageLayer.cpp; sourceTree = "<group>"; };
		CE119DE01919F44F0047B44D /* ItemMixedPageLayer.h */ = {isa = PBXFileReference; fileEncoding = 4; lastKnownFileType = sourcecode.c.h; path = ItemMixedPageLayer.h; sourceTree = "<group>"; };
		CE1EFC79191A047500E5EFE4 /* MypageHeaderLayer.cpp */ = {isa = PBXFileReference; fileEncoding = 4; lastKnownFileType = sourcecode.cpp.cpp; path = MypageHeaderLayer.cpp; sourceTree = "<group>"; };
		CE1EFC7A191A047500E5EFE4 /* MypageHeaderLayer.h */ = {isa = PBXFileReference; fileEncoding = 4; lastKnownFileType = sourcecode.c.h; path = MypageHeaderLayer.h; sourceTree = "<group>"; };
		CE2F8A3D18AF28E5001B457C /* novel */ = {isa = PBXFileReference; lastKnownFileType = folder; path = novel; sourceTree = "<group>"; };
		CE5AC3EF191692AA00ED0A22 /* ItemInventoryLayer.cpp */ = {isa = PBXFileReference; fileEncoding = 4; lastKnownFileType = sourcecode.cpp.cpp; path = ItemInventoryLayer.cpp; sourceTree = "<group>"; };
		CE5AC3F0191692AA00ED0A22 /* ItemInventoryLayer.h */ = {isa = PBXFileReference; fileEncoding = 4; lastKnownFileType = sourcecode.c.h; path = ItemInventoryLayer.h; sourceTree = "<group>"; };
		CE626D721914BEF6005925DC /* BattleScene.cpp */ = {isa = PBXFileReference; fileEncoding = 4; lastKnownFileType = sourcecode.cpp.cpp; path = BattleScene.cpp; sourceTree = "<group>"; };
		CE626D731914BEF6005925DC /* BattleScene.h */ = {isa = PBXFileReference; fileEncoding = 4; lastKnownFileType = sourcecode.c.h; path = BattleScene.h; sourceTree = "<group>"; };
		CE626D791914BEF6005925DC /* LabelRPG.cpp */ = {isa = PBXFileReference; fileEncoding = 4; lastKnownFileType = sourcecode.cpp.cpp; path = LabelRPG.cpp; sourceTree = "<group>"; };
		CE626D7A1914BEF6005925DC /* LabelRPG.h */ = {isa = PBXFileReference; fileEncoding = 4; lastKnownFileType = sourcecode.c.h; path = LabelRPG.h; sourceTree = "<group>"; };
		CE626D7C1914BEF6005925DC /* AlertDialogLayer.cpp */ = {isa = PBXFileReference; fileEncoding = 4; lastKnownFileType = sourcecode.cpp.cpp; path = AlertDialogLayer.cpp; sourceTree = "<group>"; };
		CE626D7D1914BEF6005925DC /* AlertDialogLayer.h */ = {isa = PBXFileReference; fileEncoding = 4; lastKnownFileType = sourcecode.c.h; path = AlertDialogLayer.h; sourceTree = "<group>"; };
		CE626D801914BEF6005925DC /* ItemWindowLayer.cpp */ = {isa = PBXFileReference; fileEncoding = 4; lastKnownFileType = sourcecode.cpp.cpp; path = ItemWindowLayer.cpp; sourceTree = "<group>"; };
		CE626D811914BEF6005925DC /* ItemWindowLayer.h */ = {isa = PBXFileReference; fileEncoding = 4; lastKnownFileType = sourcecode.c.h; path = ItemWindowLayer.h; sourceTree = "<group>"; };
		CE626D821914BEF6005925DC /* JoystickLayer.cpp */ = {isa = PBXFileReference; fileEncoding = 4; lastKnownFileType = sourcecode.cpp.cpp; path = JoystickLayer.cpp; sourceTree = "<group>"; };
		CE626D831914BEF6005925DC /* JoystickLayer.h */ = {isa = PBXFileReference; fileEncoding = 4; lastKnownFileType = sourcecode.c.h; path = JoystickLayer.h; sourceTree = "<group>"; };
		CE626D841914BEF6005925DC /* ModalLayer.cpp */ = {isa = PBXFileReference; fileEncoding = 4; lastKnownFileType = sourcecode.cpp.cpp; path = ModalLayer.cpp; sourceTree = "<group>"; };
		CE626D851914BEF6005925DC /* ModalLayer.h */ = {isa = PBXFileReference; fileEncoding = 4; lastKnownFileType = sourcecode.c.h; path = ModalLayer.h; sourceTree = "<group>"; };
		CE626D861914BEF6005925DC /* SystemMenuLayer.cpp */ = {isa = PBXFileReference; fileEncoding = 4; lastKnownFileType = sourcecode.cpp.cpp; path = SystemMenuLayer.cpp; sourceTree = "<group>"; };
		CE626D871914BEF6005925DC /* SystemMenuLayer.h */ = {isa = PBXFileReference; fileEncoding = 4; lastKnownFileType = sourcecode.c.h; path = SystemMenuLayer.h; sourceTree = "<group>"; };
		CE626D881914BEF6005925DC /* TableViewTestLayer.cpp */ = {isa = PBXFileReference; fileEncoding = 4; lastKnownFileType = sourcecode.cpp.cpp; path = TableViewTestLayer.cpp; sourceTree = "<group>"; };
		CE626D891914BEF6005925DC /* TableViewTestLayer.h */ = {isa = PBXFileReference; fileEncoding = 4; lastKnownFileType = sourcecode.c.h; path = TableViewTestLayer.h; sourceTree = "<group>"; };
		CE626D8C1914BEF6005925DC /* ActorSprite.cpp */ = {isa = PBXFileReference; fileEncoding = 4; lastKnownFileType = sourcecode.cpp.cpp; path = ActorSprite.cpp; sourceTree = "<group>"; };
		CE626D8D1914BEF6005925DC /* ActorSprite.h */ = {isa = PBXFileReference; fileEncoding = 4; lastKnownFileType = sourcecode.c.h; path = ActorSprite.h; sourceTree = "<group>"; };
		CE626D8F1914BEF6005925DC /* CommonWindowUtil.cpp */ = {isa = PBXFileReference; fileEncoding = 4; lastKnownFileType = sourcecode.cpp.cpp; path = CommonWindowUtil.cpp; sourceTree = "<group>"; };
		CE626D901914BEF6005925DC /* CommonWindowUtil.h */ = {isa = PBXFileReference; fileEncoding = 4; lastKnownFileType = sourcecode.c.h; path = CommonWindowUtil.h; sourceTree = "<group>"; };
		CE626D911914BEF6005925DC /* LayerActionUtils.h */ = {isa = PBXFileReference; fileEncoding = 4; lastKnownFileType = sourcecode.c.h; path = LayerActionUtils.h; sourceTree = "<group>"; };
		CE626D941914BEF6005925DC /* MAccessoryDao.cpp */ = {isa = PBXFileReference; fileEncoding = 4; lastKnownFileType = sourcecode.cpp.cpp; path = MAccessoryDao.cpp; sourceTree = "<group>"; };
		CE626D951914BEF6005925DC /* MAccessoryDao.h */ = {isa = PBXFileReference; fileEncoding = 4; lastKnownFileType = sourcecode.c.h; path = MAccessoryDao.h; sourceTree = "<group>"; };
		CE626D961914BEF6005925DC /* MLevelDao.cpp */ = {isa = PBXFileReference; fileEncoding = 4; lastKnownFileType = sourcecode.cpp.cpp; path = MLevelDao.cpp; sourceTree = "<group>"; };
		CE626D971914BEF6005925DC /* MLevelDao.h */ = {isa = PBXFileReference; fileEncoding = 4; lastKnownFileType = sourcecode.c.h; path = MLevelDao.h; sourceTree = "<group>"; };
		CE626D981914BEF6005925DC /* MUseItemDao.cpp */ = {isa = PBXFileReference; fileEncoding = 4; lastKnownFileType = sourcecode.cpp.cpp; path = MUseItemDao.cpp; sourceTree = "<group>"; };
		CE626D991914BEF6005925DC /* MUseItemDao.h */ = {isa = PBXFileReference; fileEncoding = 4; lastKnownFileType = sourcecode.c.h; path = MUseItemDao.h; sourceTree = "<group>"; };
		CE626D9A1914BEF6005925DC /* MWeaponDao.cpp */ = {isa = PBXFileReference; fileEncoding = 4; lastKnownFileType = sourcecode.cpp.cpp; path = MWeaponDao.cpp; sourceTree = "<group>"; };
		CE626D9B1914BEF6005925DC /* MWeaponDao.h */ = {isa = PBXFileReference; fileEncoding = 4; lastKnownFileType = sourcecode.c.h; path = MWeaponDao.h; sourceTree = "<group>"; };
		CE626D9D1914BEF6005925DC /* MAccessory.cpp */ = {isa = PBXFileReference; fileEncoding = 4; lastKnownFileType = sourcecode.cpp.cpp; path = MAccessory.cpp; sourceTree = "<group>"; };
		CE626D9E1914BEF6005925DC /* MAccessory.h */ = {isa = PBXFileReference; fileEncoding = 4; lastKnownFileType = sourcecode.c.h; path = MAccessory.h; sourceTree = "<group>"; };
		CE626D9F1914BEF6005925DC /* MLevel.cpp */ = {isa = PBXFileReference; fileEncoding = 4; lastKnownFileType = sourcecode.cpp.cpp; path = MLevel.cpp; sourceTree = "<group>"; };
		CE626DA01914BEF6005925DC /* MLevel.h */ = {isa = PBXFileReference; fileEncoding = 4; lastKnownFileType = sourcecode.c.h; path = MLevel.h; sourceTree = "<group>"; };
		CE626DA11914BEF6005925DC /* MMonster.h */ = {isa = PBXFileReference; fileEncoding = 4; lastKnownFileType = sourcecode.c.h; path = MMonster.h; sourceTree = "<group>"; };
		CE626DA21914BEF6005925DC /* MPlayer.h */ = {isa = PBXFileReference; fileEncoding = 4; lastKnownFileType = sourcecode.c.h; path = MPlayer.h; sourceTree = "<group>"; };
		CE626DA41914BEF6005925DC /* MUseItem.cpp */ = {isa = PBXFileReference; fileEncoding = 4; lastKnownFileType = sourcecode.cpp.cpp; path = MUseItem.cpp; sourceTree = "<group>"; };
		CE626DA51914BEF6005925DC /* MUseItem.h */ = {isa = PBXFileReference; fileEncoding = 4; lastKnownFileType = sourcecode.c.h; path = MUseItem.h; sourceTree = "<group>"; };
		CE626DA61914BEF6005925DC /* MWeapon.cpp */ = {isa = PBXFileReference; fileEncoding = 4; lastKnownFileType = sourcecode.cpp.cpp; path = MWeapon.cpp; sourceTree = "<group>"; };
		CE626DA71914BEF6005925DC /* MWeapon.h */ = {isa = PBXFileReference; fileEncoding = 4; lastKnownFileType = sourcecode.c.h; path = MWeapon.h; sourceTree = "<group>"; };
		CE626DA91914BEF6005925DC /* ActorDto.cpp */ = {isa = PBXFileReference; fileEncoding = 4; lastKnownFileType = sourcecode.cpp.cpp; path = ActorDto.cpp; sourceTree = "<group>"; };
		CE626DAA1914BEF6005925DC /* ActorDto.h */ = {isa = PBXFileReference; fileEncoding = 4; lastKnownFileType = sourcecode.c.h; path = ActorDto.h; sourceTree = "<group>"; };
		CE626DAB1914BEF6005925DC /* ActorEquipDto.cpp */ = {isa = PBXFileReference; fileEncoding = 4; lastKnownFileType = sourcecode.cpp.cpp; path = ActorEquipDto.cpp; sourceTree = "<group>"; };
		CE626DAC1914BEF6005925DC /* ActorEquipDto.h */ = {isa = PBXFileReference; fileEncoding = 4; lastKnownFileType = sourcecode.c.h; path = ActorEquipDto.h; sourceTree = "<group>"; };
		CE626DAE1914BEF6005925DC /* BattleLogic.cpp */ = {isa = PBXFileReference; fileEncoding = 4; lastKnownFileType = sourcecode.cpp.cpp; path = BattleLogic.cpp; sourceTree = "<group>"; };
		CE626DAF1914BEF6005925DC /* BattleLogic.h */ = {isa = PBXFileReference; fileEncoding = 4; lastKnownFileType = sourcecode.c.h; path = BattleLogic.h; sourceTree = "<group>"; };
		CE626DB01914BEF6005925DC /* ItemLogic.cpp */ = {isa = PBXFileReference; fileEncoding = 4; lastKnownFileType = sourcecode.cpp.cpp; path = ItemLogic.cpp; sourceTree = "<group>"; };
		CE626DB11914BEF6005925DC /* ItemLogic.h */ = {isa = PBXFileReference; fileEncoding = 4; lastKnownFileType = sourcecode.c.h; path = ItemLogic.h; sourceTree = "<group>"; };
		CE626DB21914BEF6005925DC /* MapManager.cpp */ = {isa = PBXFileReference; fileEncoding = 4; lastKnownFileType = sourcecode.cpp.cpp; path = MapManager.cpp; sourceTree = "<group>"; };
		CE626DB31914BEF6005925DC /* MapManager.h */ = {isa = PBXFileReference; fileEncoding = 4; lastKnownFileType = sourcecode.c.h; path = MapManager.h; sourceTree = "<group>"; };
		CE626DB51914BEF6005925DC /* LotteryUtils.h */ = {isa = PBXFileReference; fileEncoding = 4; lastKnownFileType = sourcecode.c.h; path = LotteryUtils.h; sourceTree = "<group>"; };
		CE626DBD1914BEF6005925DC /* NovelScene.cpp */ = {isa = PBXFileReference; fileEncoding = 4; lastKnownFileType = sourcecode.cpp.cpp; path = NovelScene.cpp; sourceTree = "<group>"; };
		CE626DBE1914BEF6005925DC /* NovelScene.h */ = {isa = PBXFileReference; fileEncoding = 4; lastKnownFileType = sourcecode.c.h; path = NovelScene.h; sourceTree = "<group>"; };
		CE626DC41914BEF6005925DC /* AccountData.cpp */ = {isa = PBXFileReference; fileEncoding = 4; lastKnownFileType = sourcecode.cpp.cpp; path = AccountData.cpp; sourceTree = "<group>"; };
		CE626DC51914BEF6005925DC /* AccountData.h */ = {isa = PBXFileReference; fileEncoding = 4; lastKnownFileType = sourcecode.c.h; path = AccountData.h; sourceTree = "<group>"; };
		CE626DC61914BEF6005925DC /* MRogueMap.h */ = {isa = PBXFileReference; fileEncoding = 4; lastKnownFileType = sourcecode.c.h; path = MRogueMap.h; sourceTree = "<group>"; };
		CE626DCD1914BEF6005925DC /* RogueTMXTiledMap.cpp */ = {isa = PBXFileReference; fileEncoding = 4; lastKnownFileType = sourcecode.cpp.cpp; path = RogueTMXTiledMap.cpp; sourceTree = "<group>"; };
		CE626DCE1914BEF6005925DC /* RogueTMXTiledMap.h */ = {isa = PBXFileReference; fileEncoding = 4; lastKnownFileType = sourcecode.c.h; path = RogueTMXTiledMap.h; sourceTree = "<group>"; };
		CE626DD31914BEF6005925DC /* MypageScene.cpp */ = {isa = PBXFileReference; fileEncoding = 4; lastKnownFileType = sourcecode.cpp.cpp; path = MypageScene.cpp; sourceTree = "<group>"; };
		CE626DD41914BEF6005925DC /* MypageScene.h */ = {isa = PBXFileReference; fileEncoding = 4; lastKnownFileType = sourcecode.c.h; path = MypageScene.h; sourceTree = "<group>"; };
		CE626DD51914BEF6005925DC /* RogueScene.cpp */ = {isa = PBXFileReference; fileEncoding = 4; lastKnownFileType = sourcecode.cpp.cpp; path = RogueScene.cpp; sourceTree = "<group>"; };
		CE626DD61914BEF6005925DC /* RogueScene.h */ = {isa = PBXFileReference; fileEncoding = 4; lastKnownFileType = sourcecode.c.h; path = RogueScene.h; sourceTree = "<group>"; };
		CE626DD81914BEF6005925DC /* DropItemSprite.cpp */ = {isa = PBXFileReference; fileEncoding = 4; lastKnownFileType = sourcecode.cpp.cpp; path = DropItemSprite.cpp; sourceTree = "<group>"; };
		CE626DD91914BEF6005925DC /* DropItemSprite.h */ = {isa = PBXFileReference; fileEncoding = 4; lastKnownFileType = sourcecode.c.h; path = DropItemSprite.h; sourceTree = "<group>"; };
		CE626DE01914BEF6005925DC /* SRPGMapLayer.cpp */ = {isa = PBXFileReference; fileEncoding = 4; lastKnownFileType = sourcecode.cpp.cpp; path = SRPGMapLayer.cpp; sourceTree = "<group>"; };
		CE626DE11914BEF6005925DC /* SRPGMapLayer.h */ = {isa = PBXFileReference; fileEncoding = 4; lastKnownFileType = sourcecode.c.h; path = SRPGMapLayer.h; sourceTree = "<group>"; };
		CE626DE41914BEF6005925DC /* SRPGScene.cpp */ = {isa = PBXFileReference; fileEncoding = 4; lastKnownFileType = sourcecode.cpp.cpp; path = SRPGScene.cpp; sourceTree = "<group>"; };
		CE626DE51914BEF6005925DC /* SRPGScene.h */ = {isa = PBXFileReference; fileEncoding = 4; lastKnownFileType = sourcecode.c.h; path = SRPGScene.h; sourceTree = "<group>"; };
		CE626E0B1914C68B005925DC /* ItemInventoryDto.cpp */ = {isa = PBXFileReference; fileEncoding = 4; lastKnownFileType = sourcecode.cpp.cpp; path = ItemInventoryDto.cpp; sourceTree = "<group>"; };
		CE626E0C1914C68B005925DC /* ItemInventoryDto.h */ = {isa = PBXFileReference; fileEncoding = 4; lastKnownFileType = sourcecode.c.h; path = ItemInventoryDto.h; sourceTree = "<group>"; };
		CE626E0F1914C6FE005925DC /* StringUtils.h */ = {isa = PBXFileReference; fileEncoding = 4; lastKnownFileType = sourcecode.c.h; path = StringUtils.h; sourceTree = "<group>"; };
		CE6E644B18DB33CF0008C116 /* game_over.jpg */ = {isa = PBXFileReference; lastKnownFileType = image.jpeg; path = game_over.jpg; sourceTree = "<group>"; };
		CE73FB2318B0A3F1009273D0 /* test_master */ = {isa = PBXFileReference; lastKnownFileType = folder; path = test_master; sourceTree = "<group>"; };
		CE81F79518940AA900A8162B /* kaidan.png */ = {isa = PBXFileReference; lastKnownFileType = image.png; path = kaidan.png; sourceTree = "<group>"; };
		CE8670DC1915085C0055C092 /* MenuItemUtil.h */ = {isa = PBXFileReference; lastKnownFileType = sourcecode.c.h; path = MenuItemUtil.h; sourceTree = "<group>"; };
		CE93B417188156C700825FD1 /* AppMacros.h */ = {isa = PBXFileReference; fileEncoding = 4; lastKnownFileType = sourcecode.c.h; name = AppMacros.h; path = ../Classes/AppMacros.h; sourceTree = "<group>"; };
		CE93B4A4188156FC00825FD1 /* fonts */ = {isa = PBXFileReference; lastKnownFileType = folder; path = fonts; sourceTree = "<group>"; };
		CE93B4A5188156FC00825FD1 /* grid32.png */ = {isa = PBXFileReference; lastKnownFileType = image.png; path = grid32.png; sourceTree = "<group>"; };
		CE93B4AD188156FC00825FD1 /* menu_button.png */ = {isa = PBXFileReference; lastKnownFileType = image.png; path = menu_button.png; sourceTree = "<group>"; };
		CE93B4AF188156FC00825FD1 /* tmx */ = {isa = PBXFileReference; lastKnownFileType = folder; path = tmx; sourceTree = "<group>"; };
		CE9A70421918BBF300F685A4 /* SystemDataDto.cpp */ = {isa = PBXFileReference; fileEncoding = 4; lastKnownFileType = sourcecode.cpp.cpp; path = SystemDataDto.cpp; sourceTree = "<group>"; };
		CE9A70431918BBF300F685A4 /* SystemDataDto.h */ = {isa = PBXFileReference; fileEncoding = 4; lastKnownFileType = sourcecode.c.h; path = SystemDataDto.h; sourceTree = "<group>"; };
		CEA247F119152C8100B0656A /* ItemDto.cpp */ = {isa = PBXFileReference; fileEncoding = 4; lastKnownFileType = sourcecode.cpp.cpp; path = ItemDto.cpp; sourceTree = "<group>"; };
		CEA247F219152C8100B0656A /* ItemDto.h */ = {isa = PBXFileReference; fileEncoding = 4; lastKnownFileType = sourcecode.c.h; path = ItemDto.h; sourceTree = "<group>"; };
		CEB1A5E61881895A00D26BAE /* ui */ = {isa = PBXFileReference; lastKnownFileType = folder; path = ui; sourceTree = "<group>"; };
		CECE37AC18B9A08C0086C8A0 /* bg */ = {isa = PBXFileReference; lastKnownFileType = folder; path = bg; sourceTree = "<group>"; };
		CECE37B418B9A6EA0086C8A0 /* battle */ = {isa = PBXFileReference; lastKnownFileType = folder; path = battle; sourceTree = "<group>"; };
		CEF46A6718B87A0200F887CA /* actor */ = {isa = PBXFileReference; lastKnownFileType = folder; path = actor; sourceTree = "<group>"; };
		D44C620B132DFF330009C878 /* OpenAL.framework */ = {isa = PBXFileReference; lastKnownFileType = wrapper.framework; name = OpenAL.framework; path = System/Library/Frameworks/OpenAL.framework; sourceTree = SDKROOT; };
		D44C620D132DFF430009C878 /* AVFoundation.framework */ = {isa = PBXFileReference; lastKnownFileType = wrapper.framework; name = AVFoundation.framework; path = System/Library/Frameworks/AVFoundation.framework; sourceTree = SDKROOT; };
		D44C620F132DFF4E0009C878 /* AudioToolbox.framework */ = {isa = PBXFileReference; lastKnownFileType = wrapper.framework; name = AudioToolbox.framework; path = System/Library/Frameworks/AudioToolbox.framework; sourceTree = SDKROOT; };
		D6B0611A1803AB670077942B /* CoreMotion.framework */ = {isa = PBXFileReference; lastKnownFileType = wrapper.framework; name = CoreMotion.framework; path = Platforms/iPhoneOS.platform/Developer/SDKs/iPhoneOS7.0.sdk/System/Library/Frameworks/CoreMotion.framework; sourceTree = DEVELOPER_DIR; };
/* End PBXFileReference section */

/* Begin PBXFrameworksBuildPhase section */
		1D60588F0D05DD3D006BFB54 /* Frameworks */ = {
			isa = PBXFrameworksBuildPhase;
			buildActionMask = 2147483647;
			files = (
				1AC6FB2E180E99EB004C840B /* libbox2d iOS.a in Frameworks */,
				1AC6FB2F180E99EB004C840B /* libchipmunk iOS.a in Frameworks */,
				1AC6FB30180E99EB004C840B /* libcocos2dx iOS.a in Frameworks */,
				1AC6FB31180E99EB004C840B /* libcocos2dx-extensions iOS.a in Frameworks */,
				1AC6FB32180E99EB004C840B /* libCocosDenshion iOS.a in Frameworks */,
				D6B0611B1803AB670077942B /* CoreMotion.framework in Frameworks */,
				1D60589F0D05DD5A006BFB54 /* Foundation.framework in Frameworks */,
				1DF5F4E00D08C38300B7A737 /* UIKit.framework in Frameworks */,
				288765A50DF7441C002DB57D /* CoreGraphics.framework in Frameworks */,
				BF171245129291EC00B8313A /* OpenGLES.framework in Frameworks */,
				BF1712471292920000B8313A /* libz.dylib in Frameworks */,
				BF1C47F01293687400B63C5D /* QuartzCore.framework in Frameworks */,
				D44C620C132DFF330009C878 /* OpenAL.framework in Frameworks */,
				D44C620E132DFF430009C878 /* AVFoundation.framework in Frameworks */,
				D44C6210132DFF4E0009C878 /* AudioToolbox.framework in Frameworks */,
			);
			runOnlyForDeploymentPostprocessing = 0;
		};
		5087E75C17EB910900C73F5D /* Frameworks */ = {
			isa = PBXFrameworksBuildPhase;
			buildActionMask = 2147483647;
			files = (
				1AC6FB1F180E996B004C840B /* libbox2d Mac.a in Frameworks */,
				1AC6FB20180E996B004C840B /* libchipmunk Mac.a in Frameworks */,
				1AC6FB21180E996B004C840B /* libcocos2dx Mac.a in Frameworks */,
				1AC6FB22180E996B004C840B /* libcocos2dx-extensions Mac.a in Frameworks */,
				1AC6FB23180E996B004C840B /* libCocosDenshion Mac.a in Frameworks */,
				503AE11217EB99EE00D1A890 /* libcurl.dylib in Frameworks */,
				5087E76717EB910900C73F5D /* libz.dylib in Frameworks */,
				503AE11B17EB9C5A00D1A890 /* IOKit.framework in Frameworks */,
				5087E78B17EB975400C73F5D /* OpenGL.framework in Frameworks */,
				5087E78917EB974C00C73F5D /* AppKit.framework in Frameworks */,
				5087E76317EB910900C73F5D /* Foundation.framework in Frameworks */,
				5087E76517EB910900C73F5D /* CoreGraphics.framework in Frameworks */,
				5087E76817EB910900C73F5D /* QuartzCore.framework in Frameworks */,
				5087E76917EB910900C73F5D /* OpenAL.framework in Frameworks */,
				5087E76A17EB910900C73F5D /* AVFoundation.framework in Frameworks */,
				5087E76B17EB910900C73F5D /* AudioToolbox.framework in Frameworks */,
			);
			runOnlyForDeploymentPostprocessing = 0;
		};
/* End PBXFrameworksBuildPhase section */

/* Begin PBXGroup section */
		080E96DDFE201D6D7F000001 /* ios */ = {
			isa = PBXGroup;
			children = (
				5087E77117EB970100C73F5D /* Icons */,
				503AE0FA17EB989F00D1A890 /* AppController.h */,
				503AE0FB17EB989F00D1A890 /* AppController.mm */,
				503AE0FC17EB989F00D1A890 /* main.m */,
				503AE0FD17EB989F00D1A890 /* Prefix.pch */,
				503AE0FE17EB989F00D1A890 /* RootViewController.h */,
				503AE0FF17EB989F00D1A890 /* RootViewController.mm */,
			);
			name = ios;
			path = Classes;
			sourceTree = "<group>";
		};
		15AA9C4015B7EC450033D6C2 /* Classes */ = {
			isa = PBXGroup;
			children = (
				CE626D6B1914BEF6005925DC /* battle */,
				CE626D761914BEF6005925DC /* game_base */,
				CE626DB61914BEF6005925DC /* novel */,
				CE626DC11914BEF6005925DC /* rogue */,
				CE626DDB1914BEF6005925DC /* srpg */,
				1AFAF8B316D35DE700DB1158 /* AppDelegate.cpp */,
				1AFAF8B416D35DE700DB1158 /* AppDelegate.h */,
				CE93B417188156C700825FD1 /* AppMacros.h */,
			);
			name = Classes;
			path = ../classes;
			sourceTree = "<group>";
		};
		19C28FACFE9D520D11CA2CBB /* Products */ = {
			isa = PBXGroup;
			children = (
				1D6058910D05DD3D006BFB54 /* Cocos2dRogueLike iOS.app */,
				5087E76F17EB910900C73F5D /* Cocos2dRogueLike Mac.app */,
			);
			name = Products;
			sourceTree = "<group>";
		};
		1AC6FAE6180E9839004C840B /* Products */ = {
			isa = PBXGroup;
			children = (
				1AC6FAF9180E9839004C840B /* libcocos2dx Mac.a */,
				1AC6FAFB180E9839004C840B /* libcocos2dx-extensions Mac.a */,
				1AC6FAFD180E9839004C840B /* libchipmunk Mac.a */,
				1AC6FAFF180E9839004C840B /* libbox2d Mac.a */,
				1AC6FB01180E9839004C840B /* libCocosDenshion Mac.a */,
				1AC6FB07180E9839004C840B /* libcocos2dx iOS.a */,
				1AC6FB09180E9839004C840B /* libcocos2dx-extensions iOS.a */,
				1AC6FB0B180E9839004C840B /* libchipmunk iOS.a */,
				1AC6FB0D180E9839004C840B /* libbox2d iOS.a */,
				1AC6FB0F180E9839004C840B /* libCocosDenshion iOS.a */,
			);
			name = Products;
			sourceTree = "<group>";
		};
		29B97314FDCFA39411CA2CEA /* CustomTemplate */ = {
			isa = PBXGroup;
			children = (
				1AC6FAE5180E9839004C840B /* cocos2d_libs.xcodeproj */,
				15AA9C4015B7EC450033D6C2 /* Classes */,
				29B97323FDCFA39411CA2CEA /* Frameworks */,
				080E96DDFE201D6D7F000001 /* ios */,
				503AE10617EB990700D1A890 /* mac */,
				19C28FACFE9D520D11CA2CBB /* Products */,
				78C7DDAA14EBA5050085D0C2 /* Resources */,
			);
			name = CustomTemplate;
			sourceTree = "<group>";
		};
		29B97323FDCFA39411CA2CEA /* Frameworks */ = {
			isa = PBXGroup;
			children = (
				D6B0611A1803AB670077942B /* CoreMotion.framework */,
				503AE11A17EB9C5A00D1A890 /* IOKit.framework */,
				503AE11117EB99EE00D1A890 /* libcurl.dylib */,
				5087E78A17EB975400C73F5D /* OpenGL.framework */,
				5087E78817EB974C00C73F5D /* AppKit.framework */,
				1ACB3243164770DE00914215 /* libcurl.a */,
				BF170DB412928DE900B8313A /* libz.dylib */,
				D44C620F132DFF4E0009C878 /* AudioToolbox.framework */,
				D44C620D132DFF430009C878 /* AVFoundation.framework */,
				288765A40DF7441C002DB57D /* CoreGraphics.framework */,
				1D30AB110D05D00D00671497 /* Foundation.framework */,
				D44C620B132DFF330009C878 /* OpenAL.framework */,
				BF170DB012928DE900B8313A /* OpenGLES.framework */,
				BF1C47EA1293683800B63C5D /* QuartzCore.framework */,
				1DF5F4DF0D08C38300B7A737 /* UIKit.framework */,
			);
			name = Frameworks;
			sourceTree = "<group>";
		};
		503AE0F517EB97AB00D1A890 /* Icons */ = {
			isa = PBXGroup;
			children = (
				503AE0F617EB97AB00D1A890 /* Icon.icns */,
				503AE0F717EB97AB00D1A890 /* Info.plist */,
			);
			name = Icons;
			path = mac;
			sourceTree = SOURCE_ROOT;
		};
		503AE10617EB990700D1A890 /* mac */ = {
			isa = PBXGroup;
			children = (
				503AE0F517EB97AB00D1A890 /* Icons */,
				503AE10317EB98FF00D1A890 /* main.cpp */,
				503AE10417EB98FF00D1A890 /* Prefix.pch */,
			);
			name = mac;
			sourceTree = "<group>";
		};
		5087E77117EB970100C73F5D /* Icons */ = {
			isa = PBXGroup;
			children = (
				5087E77217EB970100C73F5D /* Default-568h@2x.png */,
				5087E77317EB970100C73F5D /* Default.png */,
				5087E77417EB970100C73F5D /* Default@2x.png */,
				50EF62A017ECD613001EB2F8 /* Icon-29.png */,
				50EF62A117ECD613001EB2F8 /* Icon-50.png */,
				50EF629217ECD46A001EB2F8 /* Icon-40.png */,
				50EF629317ECD46A001EB2F8 /* Icon-58.png */,
				50EF629417ECD46A001EB2F8 /* Icon-80.png */,
				50EF629517ECD46A001EB2F8 /* Icon-100.png */,
				5087E77517EB970100C73F5D /* Icon-114.png */,
				5087E77617EB970100C73F5D /* Icon-120.png */,
				5087E77717EB970100C73F5D /* Icon-144.png */,
				5087E77817EB970100C73F5D /* Icon-152.png */,
				5087E77917EB970100C73F5D /* Icon-57.png */,
				5087E77A17EB970100C73F5D /* Icon-72.png */,
				5087E77B17EB970100C73F5D /* Icon-76.png */,
				5087E77C17EB970100C73F5D /* Info.plist */,
			);
			name = Icons;
			path = ios;
			sourceTree = SOURCE_ROOT;
		};
		78C7DDAA14EBA5050085D0C2 /* Resources */ = {
			isa = PBXGroup;
			children = (
				CE6E644B18DB33CF0008C116 /* game_over.jpg */,
				CE81F79518940AA900A8162B /* kaidan.png */,
				CE93B4A5188156FC00825FD1 /* grid32.png */,
				CE93B4AD188156FC00825FD1 /* menu_button.png */,
				CECE37B418B9A6EA0086C8A0 /* battle */,
				CECE37AC18B9A08C0086C8A0 /* bg */,
				CEF46A6718B87A0200F887CA /* actor */,
				CE73FB2318B0A3F1009273D0 /* test_master */,
				CE2F8A3D18AF28E5001B457C /* novel */,
				CE0D522A188A507F00ECB309 /* icon_set */,
				CEB1A5E61881895A00D26BAE /* ui */,
				CE93B4A4188156FC00825FD1 /* fonts */,
				CE93B4AF188156FC00825FD1 /* tmx */,
			);
			name = Resources;
			path = ../Resources;
			sourceTree = "<group>";
		};
		CE119DD81919F14D0047B44D /* page */ = {
			isa = PBXGroup;
			children = (
				CE119DD91919F1730047B44D /* ItemStockPageLayer.cpp */,
				CE119DDA1919F1730047B44D /* ItemStockPageLayer.h */,
				CE119DDC1919F1A50047B44D /* TopPageLayer.cpp */,
				CE119DDD1919F1A50047B44D /* TopPageLayer.h */,
				CE119DDF1919F44F0047B44D /* ItemMixedPageLayer.cpp */,
				CE119DE01919F44F0047B44D /* ItemMixedPageLayer.h */,
			);
			path = page;
			sourceTree = "<group>";
		};
		CE1EFC76191A046500E5EFE4 /* common */ = {
			isa = PBXGroup;
			children = (
				CE1EFC79191A047500E5EFE4 /* MypageHeaderLayer.cpp */,
				CE1EFC7A191A047500E5EFE4 /* MypageHeaderLayer.h */,
			);
			path = common;
			sourceTree = "<group>";
		};
		CE626D6B1914BEF6005925DC /* battle */ = {
			isa = PBXGroup;
			children = (
				CE626D6C1914BEF6005925DC /* dao */,
				CE626D6D1914BEF6005925DC /* data */,
				CE626D6E1914BEF6005925DC /* dto */,
				CE626D6F1914BEF6005925DC /* layers */,
				CE626D701914BEF6005925DC /* logic */,
				CE626D711914BEF6005925DC /* scenes */,
				CE626D741914BEF6005925DC /* sprites */,
				CE626D751914BEF6005925DC /* util */,
			);
			name = battle;
			path = ../Classes/battle;
			sourceTree = "<group>";
		};
		CE626D6C1914BEF6005925DC /* dao */ = {
			isa = PBXGroup;
			children = (
			);
			path = dao;
			sourceTree = "<group>";
		};
		CE626D6D1914BEF6005925DC /* data */ = {
			isa = PBXGroup;
			children = (
			);
			path = data;
			sourceTree = "<group>";
		};
		CE626D6E1914BEF6005925DC /* dto */ = {
			isa = PBXGroup;
			children = (
			);
			path = dto;
			sourceTree = "<group>";
		};
		CE626D6F1914BEF6005925DC /* layers */ = {
			isa = PBXGroup;
			children = (
			);
			path = layers;
			sourceTree = "<group>";
		};
		CE626D701914BEF6005925DC /* logic */ = {
			isa = PBXGroup;
			children = (
			);
			path = logic;
			sourceTree = "<group>";
		};
		CE626D711914BEF6005925DC /* scenes */ = {
			isa = PBXGroup;
			children = (
				CE626D721914BEF6005925DC /* BattleScene.cpp */,
				CE626D731914BEF6005925DC /* BattleScene.h */,
			);
			path = scenes;
			sourceTree = "<group>";
		};
		CE626D741914BEF6005925DC /* sprites */ = {
			isa = PBXGroup;
			children = (
			);
			path = sprites;
			sourceTree = "<group>";
		};
		CE626D751914BEF6005925DC /* util */ = {
			isa = PBXGroup;
			children = (
			);
			path = util;
			sourceTree = "<group>";
		};
		CE626D761914BEF6005925DC /* game_base */ = {
			isa = PBXGroup;
			children = (
				CE626D771914BEF6005925DC /* cocos */,
				CE626D921914BEF6005925DC /* core */,
			);
			name = game_base;
			path = ../Classes/game_base;
			sourceTree = "<group>";
		};
		CE626D771914BEF6005925DC /* cocos */ = {
			isa = PBXGroup;
			children = (
				CE626D781914BEF6005925DC /* labels */,
				CE626D7B1914BEF6005925DC /* layers */,
				CE626D8A1914BEF6005925DC /* scenes */,
				CE626D8B1914BEF6005925DC /* sprites */,
				CE626D8E1914BEF6005925DC /* util */,
			);
			path = cocos;
			sourceTree = "<group>";
		};
		CE626D781914BEF6005925DC /* labels */ = {
			isa = PBXGroup;
			children = (
				CE626D791914BEF6005925DC /* LabelRPG.cpp */,
				CE626D7A1914BEF6005925DC /* LabelRPG.h */,
			);
			path = labels;
			sourceTree = "<group>";
		};
		CE626D7B1914BEF6005925DC /* layers */ = {
			isa = PBXGroup;
			children = (
				CE626D7C1914BEF6005925DC /* AlertDialogLayer.cpp */,
				CE626D7D1914BEF6005925DC /* AlertDialogLayer.h */,
				CE626D801914BEF6005925DC /* ItemWindowLayer.cpp */,
				CE626D811914BEF6005925DC /* ItemWindowLayer.h */,
				CE626D821914BEF6005925DC /* JoystickLayer.cpp */,
				CE626D831914BEF6005925DC /* JoystickLayer.h */,
				CE626D841914BEF6005925DC /* ModalLayer.cpp */,
				CE626D851914BEF6005925DC /* ModalLayer.h */,
				CE626D861914BEF6005925DC /* SystemMenuLayer.cpp */,
				CE626D871914BEF6005925DC /* SystemMenuLayer.h */,
				CE626D881914BEF6005925DC /* TableViewTestLayer.cpp */,
				CE626D891914BEF6005925DC /* TableViewTestLayer.h */,
				CE5AC3EF191692AA00ED0A22 /* ItemInventoryLayer.cpp */,
				CE5AC3F0191692AA00ED0A22 /* ItemInventoryLayer.h */,
			);
			path = layers;
			sourceTree = "<group>";
		};
		CE626D8A1914BEF6005925DC /* scenes */ = {
			isa = PBXGroup;
			children = (
			);
			path = scenes;
			sourceTree = "<group>";
		};
		CE626D8B1914BEF6005925DC /* sprites */ = {
			isa = PBXGroup;
			children = (
				CE626D8C1914BEF6005925DC /* ActorSprite.cpp */,
				CE626D8D1914BEF6005925DC /* ActorSprite.h */,
			);
			path = sprites;
			sourceTree = "<group>";
		};
		CE626D8E1914BEF6005925DC /* util */ = {
			isa = PBXGroup;
			children = (
				CE626D8F1914BEF6005925DC /* CommonWindowUtil.cpp */,
				CE626D901914BEF6005925DC /* CommonWindowUtil.h */,
				CE626D911914BEF6005925DC /* LayerActionUtils.h */,
				CE8670DC1915085C0055C092 /* MenuItemUtil.h */,
			);
			path = util;
			sourceTree = "<group>";
		};
		CE626D921914BEF6005925DC /* core */ = {
			isa = PBXGroup;
			children = (
				CE626D931914BEF6005925DC /* dao */,
				CE626D9C1914BEF6005925DC /* data */,
				CE626DA81914BEF6005925DC /* dto */,
				CE626DAD1914BEF6005925DC /* logic */,
				CE626DB41914BEF6005925DC /* util */,
			);
			path = core;
			sourceTree = "<group>";
		};
		CE626D931914BEF6005925DC /* dao */ = {
			isa = PBXGroup;
			children = (
				CE626D941914BEF6005925DC /* MAccessoryDao.cpp */,
				CE626D951914BEF6005925DC /* MAccessoryDao.h */,
				CE626D961914BEF6005925DC /* MLevelDao.cpp */,
				CE626D971914BEF6005925DC /* MLevelDao.h */,
				CE626D981914BEF6005925DC /* MUseItemDao.cpp */,
				CE626D991914BEF6005925DC /* MUseItemDao.h */,
				CE626D9A1914BEF6005925DC /* MWeaponDao.cpp */,
				CE626D9B1914BEF6005925DC /* MWeaponDao.h */,
			);
			path = dao;
			sourceTree = "<group>";
		};
		CE626D9C1914BEF6005925DC /* data */ = {
			isa = PBXGroup;
			children = (
				CE626D9D1914BEF6005925DC /* MAccessory.cpp */,
				CE626D9E1914BEF6005925DC /* MAccessory.h */,
				CE626D9F1914BEF6005925DC /* MLevel.cpp */,
				CE626DA01914BEF6005925DC /* MLevel.h */,
				CE626DA11914BEF6005925DC /* MMonster.h */,
				CE626DA21914BEF6005925DC /* MPlayer.h */,
				CE626DA41914BEF6005925DC /* MUseItem.cpp */,
				CE626DA51914BEF6005925DC /* MUseItem.h */,
				CE626DA61914BEF6005925DC /* MWeapon.cpp */,
				CE626DA71914BEF6005925DC /* MWeapon.h */,
			);
			path = data;
			sourceTree = "<group>";
		};
		CE626DA81914BEF6005925DC /* dto */ = {
			isa = PBXGroup;
			children = (
				CE626DA91914BEF6005925DC /* ActorDto.cpp */,
				CE626DAA1914BEF6005925DC /* ActorDto.h */,
				CE626DAB1914BEF6005925DC /* ActorEquipDto.cpp */,
				CE626DAC1914BEF6005925DC /* ActorEquipDto.h */,
				CE626E0B1914C68B005925DC /* ItemInventoryDto.cpp */,
				CE626E0C1914C68B005925DC /* ItemInventoryDto.h */,
				CEA247F119152C8100B0656A /* ItemDto.cpp */,
				CEA247F219152C8100B0656A /* ItemDto.h */,
				CE9A70421918BBF300F685A4 /* SystemDataDto.cpp */,
				CE9A70431918BBF300F685A4 /* SystemDataDto.h */,
			);
			path = dto;
			sourceTree = "<group>";
		};
		CE626DAD1914BEF6005925DC /* logic */ = {
			isa = PBXGroup;
			children = (
				CE626DAE1914BEF6005925DC /* BattleLogic.cpp */,
				CE626DAF1914BEF6005925DC /* BattleLogic.h */,
				CE626DB01914BEF6005925DC /* ItemLogic.cpp */,
				CE626DB11914BEF6005925DC /* ItemLogic.h */,
				CE626DB21914BEF6005925DC /* MapManager.cpp */,
				CE626DB31914BEF6005925DC /* MapManager.h */,
			);
			path = logic;
			sourceTree = "<group>";
		};
		CE626DB41914BEF6005925DC /* util */ = {
			isa = PBXGroup;
			children = (
				CE626DB51914BEF6005925DC /* LotteryUtils.h */,
				CE626E0F1914C6FE005925DC /* StringUtils.h */,
			);
			path = util;
			sourceTree = "<group>";
		};
		CE626DB61914BEF6005925DC /* novel */ = {
			isa = PBXGroup;
			children = (
				CE626DB71914BEF6005925DC /* dao */,
				CE626DB81914BEF6005925DC /* data */,
				CE626DB91914BEF6005925DC /* dto */,
				CE626DBA1914BEF6005925DC /* layers */,
				CE626DBB1914BEF6005925DC /* logic */,
				CE626DBC1914BEF6005925DC /* scenes */,
				CE626DBF1914BEF6005925DC /* sprites */,
				CE626DC01914BEF6005925DC /* util */,
			);
			name = novel;
			path = ../Classes/novel;
			sourceTree = "<group>";
		};
		CE626DB71914BEF6005925DC /* dao */ = {
			isa = PBXGroup;
			children = (
			);
			path = dao;
			sourceTree = "<group>";
		};
		CE626DB81914BEF6005925DC /* data */ = {
			isa = PBXGroup;
			children = (
			);
			path = data;
			sourceTree = "<group>";
		};
		CE626DB91914BEF6005925DC /* dto */ = {
			isa = PBXGroup;
			children = (
			);
			path = dto;
			sourceTree = "<group>";
		};
		CE626DBA1914BEF6005925DC /* layers */ = {
			isa = PBXGroup;
			children = (
			);
			path = layers;
			sourceTree = "<group>";
		};
		CE626DBB1914BEF6005925DC /* logic */ = {
			isa = PBXGroup;
			children = (
			);
			path = logic;
			sourceTree = "<group>";
		};
		CE626DBC1914BEF6005925DC /* scenes */ = {
			isa = PBXGroup;
			children = (
				CE626DBD1914BEF6005925DC /* NovelScene.cpp */,
				CE626DBE1914BEF6005925DC /* NovelScene.h */,
			);
			path = scenes;
			sourceTree = "<group>";
		};
		CE626DBF1914BEF6005925DC /* sprites */ = {
			isa = PBXGroup;
			children = (
			);
			path = sprites;
			sourceTree = "<group>";
		};
		CE626DC01914BEF6005925DC /* util */ = {
			isa = PBXGroup;
			children = (
			);
			path = util;
			sourceTree = "<group>";
		};
		CE626DC11914BEF6005925DC /* rogue */ = {
			isa = PBXGroup;
			children = (
				CE626DC21914BEF6005925DC /* dao */,
				CE626DC31914BEF6005925DC /* data */,
				CE626DC71914BEF6005925DC /* dto */,
				CE626DCC1914BEF6005925DC /* layers */,
				CE626DD11914BEF6005925DC /* logic */,
				CE626DD21914BEF6005925DC /* scenes */,
				CE626DD71914BEF6005925DC /* sprites */,
				CE626DDA1914BEF6005925DC /* util */,
			);
			name = rogue;
			path = ../Classes/rogue;
			sourceTree = "<group>";
		};
		CE626DC21914BEF6005925DC /* dao */ = {
			isa = PBXGroup;
			children = (
			);
			path = dao;
			sourceTree = "<group>";
		};
		CE626DC31914BEF6005925DC /* data */ = {
			isa = PBXGroup;
			children = (
				CE626DC41914BEF6005925DC /* AccountData.cpp */,
				CE626DC51914BEF6005925DC /* AccountData.h */,
				CE626DC61914BEF6005925DC /* MRogueMap.h */,
			);
			path = data;
			sourceTree = "<group>";
		};
		CE626DC71914BEF6005925DC /* dto */ = {
			isa = PBXGroup;
			children = (
			);
			path = dto;
			sourceTree = "<group>";
		};
		CE626DCC1914BEF6005925DC /* layers */ = {
			isa = PBXGroup;
			children = (
				CE626DCD1914BEF6005925DC /* RogueTMXTiledMap.cpp */,
				CE626DCE1914BEF6005925DC /* RogueTMXTiledMap.h */,
			);
			path = layers;
			sourceTree = "<group>";
		};
		CE626DD11914BEF6005925DC /* logic */ = {
			isa = PBXGroup;
			children = (
			);
			path = logic;
			sourceTree = "<group>";
		};
		CE626DD21914BEF6005925DC /* scenes */ = {
			isa = PBXGroup;
			children = (
				CE1EFC76191A046500E5EFE4 /* common */,
				CE119DD81919F14D0047B44D /* page */,
				CE626DD31914BEF6005925DC /* MypageScene.cpp */,
				CE626DD41914BEF6005925DC /* MypageScene.h */,
				CE626DD51914BEF6005925DC /* RogueScene.cpp */,
				CE626DD61914BEF6005925DC /* RogueScene.h */,
			);
			path = scenes;
			sourceTree = "<group>";
		};
		CE626DD71914BEF6005925DC /* sprites */ = {
			isa = PBXGroup;
			children = (
				CE626DD81914BEF6005925DC /* DropItemSprite.cpp */,
				CE626DD91914BEF6005925DC /* DropItemSprite.h */,
			);
			path = sprites;
			sourceTree = "<group>";
		};
		CE626DDA1914BEF6005925DC /* util */ = {
			isa = PBXGroup;
			children = (
			);
			path = util;
			sourceTree = "<group>";
		};
		CE626DDB1914BEF6005925DC /* srpg */ = {
			isa = PBXGroup;
			children = (
				CE626DDC1914BEF6005925DC /* dao */,
				CE626DDD1914BEF6005925DC /* data */,
				CE626DDE1914BEF6005925DC /* dto */,
				CE626DDF1914BEF6005925DC /* layers */,
				CE626DE21914BEF6005925DC /* logic */,
				CE626DE31914BEF6005925DC /* scenes */,
				CE626DE61914BEF6005925DC /* sprites */,
				CE626DE71914BEF6005925DC /* util */,
			);
			name = srpg;
			path = ../Classes/srpg;
			sourceTree = "<group>";
		};
		CE626DDC1914BEF6005925DC /* dao */ = {
			isa = PBXGroup;
			children = (
			);
			path = dao;
			sourceTree = "<group>";
		};
		CE626DDD1914BEF6005925DC /* data */ = {
			isa = PBXGroup;
			children = (
			);
			path = data;
			sourceTree = "<group>";
		};
		CE626DDE1914BEF6005925DC /* dto */ = {
			isa = PBXGroup;
			children = (
			);
			path = dto;
			sourceTree = "<group>";
		};
		CE626DDF1914BEF6005925DC /* layers */ = {
			isa = PBXGroup;
			children = (
				CE626DE01914BEF6005925DC /* SRPGMapLayer.cpp */,
				CE626DE11914BEF6005925DC /* SRPGMapLayer.h */,
			);
			path = layers;
			sourceTree = "<group>";
		};
		CE626DE21914BEF6005925DC /* logic */ = {
			isa = PBXGroup;
			children = (
			);
			path = logic;
			sourceTree = "<group>";
		};
		CE626DE31914BEF6005925DC /* scenes */ = {
			isa = PBXGroup;
			children = (
				CE626DE41914BEF6005925DC /* SRPGScene.cpp */,
				CE626DE51914BEF6005925DC /* SRPGScene.h */,
			);
			path = scenes;
			sourceTree = "<group>";
		};
		CE626DE61914BEF6005925DC /* sprites */ = {
			isa = PBXGroup;
			children = (
			);
			path = sprites;
			sourceTree = "<group>";
		};
		CE626DE71914BEF6005925DC /* util */ = {
			isa = PBXGroup;
			children = (
			);
			path = util;
			sourceTree = "<group>";
		};
/* End PBXGroup section */

/* Begin PBXNativeTarget section */
		1D6058900D05DD3D006BFB54 /* Cocos2dRogueLike iOS */ = {
			isa = PBXNativeTarget;
			buildConfigurationList = 1D6058960D05DD3E006BFB54 /* Build configuration list for PBXNativeTarget "Cocos2dRogueLike iOS" */;
			buildPhases = (
				1D60588D0D05DD3D006BFB54 /* Resources */,
				1D60588E0D05DD3D006BFB54 /* Sources */,
				1D60588F0D05DD3D006BFB54 /* Frameworks */,
				CE4FCB4018B8D6F3006EAC0B /* ShellScript */,
			);
			buildRules = (
			);
			dependencies = (
				1AC6FB25180E99E1004C840B /* PBXTargetDependency */,
				1AC6FB27180E99E1004C840B /* PBXTargetDependency */,
				1AC6FB29180E99E1004C840B /* PBXTargetDependency */,
				1AC6FB2B180E99E1004C840B /* PBXTargetDependency */,
				1AC6FB2D180E99E1004C840B /* PBXTargetDependency */,
			);
			name = "Cocos2dRogueLike iOS";
			productName = iphone;
			productReference = 1D6058910D05DD3D006BFB54 /* Cocos2dRogueLike iOS.app */;
			productType = "com.apple.product-type.application";
		};
		5087E73D17EB910900C73F5D /* Cocos2dRogueLike Mac */ = {
			isa = PBXNativeTarget;
			buildConfigurationList = 5087E76C17EB910900C73F5D /* Build configuration list for PBXNativeTarget "Cocos2dRogueLike Mac" */;
			buildPhases = (
				5087E74817EB910900C73F5D /* Resources */,
				5087E75617EB910900C73F5D /* Sources */,
				5087E75C17EB910900C73F5D /* Frameworks */,
			);
			buildRules = (
			);
			dependencies = (
				1AC6FB1E180E9963004C840B /* PBXTargetDependency */,
				1AC6FB16180E9959004C840B /* PBXTargetDependency */,
				1AC6FB18180E9959004C840B /* PBXTargetDependency */,
				1AC6FB1A180E9959004C840B /* PBXTargetDependency */,
				1AC6FB1C180E9959004C840B /* PBXTargetDependency */,
			);
			name = "Cocos2dRogueLike Mac";
			productName = iphone;
			productReference = 5087E76F17EB910900C73F5D /* Cocos2dRogueLike Mac.app */;
			productType = "com.apple.product-type.application";
		};
/* End PBXNativeTarget section */

/* Begin PBXProject section */
		29B97313FDCFA39411CA2CEA /* Project object */ = {
			isa = PBXProject;
			attributes = {
				LastUpgradeCheck = 0500;
				TargetAttributes = {
					1D6058900D05DD3D006BFB54 = {
						DevelopmentTeam = MDDB52YB8L;
					};
				};
			};
			buildConfigurationList = C01FCF4E08A954540054247B /* Build configuration list for PBXProject "Cocos2dRogueLike" */;
			compatibilityVersion = "Xcode 3.2";
			developmentRegion = English;
			hasScannedForEncodings = 1;
			knownRegions = (
				English,
				Japanese,
				French,
				German,
			);
			mainGroup = 29B97314FDCFA39411CA2CEA /* CustomTemplate */;
			projectDirPath = "";
			projectReferences = (
				{
					ProductGroup = 1AC6FAE6180E9839004C840B /* Products */;
					ProjectRef = 1AC6FAE5180E9839004C840B /* cocos2d_libs.xcodeproj */;
				},
			);
			projectRoot = "";
			targets = (
				1D6058900D05DD3D006BFB54 /* Cocos2dRogueLike iOS */,
				5087E73D17EB910900C73F5D /* Cocos2dRogueLike Mac */,
			);
		};
/* End PBXProject section */

/* Begin PBXReferenceProxy section */
		1AC6FAF9180E9839004C840B /* libcocos2dx Mac.a */ = {
			isa = PBXReferenceProxy;
			fileType = archive.ar;
			path = "libcocos2dx Mac.a";
			remoteRef = 1AC6FAF8180E9839004C840B /* PBXContainerItemProxy */;
			sourceTree = BUILT_PRODUCTS_DIR;
		};
		1AC6FAFB180E9839004C840B /* libcocos2dx-extensions Mac.a */ = {
			isa = PBXReferenceProxy;
			fileType = archive.ar;
			path = "libcocos2dx-extensions Mac.a";
			remoteRef = 1AC6FAFA180E9839004C840B /* PBXContainerItemProxy */;
			sourceTree = BUILT_PRODUCTS_DIR;
		};
		1AC6FAFD180E9839004C840B /* libchipmunk Mac.a */ = {
			isa = PBXReferenceProxy;
			fileType = archive.ar;
			path = "libchipmunk Mac.a";
			remoteRef = 1AC6FAFC180E9839004C840B /* PBXContainerItemProxy */;
			sourceTree = BUILT_PRODUCTS_DIR;
		};
		1AC6FAFF180E9839004C840B /* libbox2d Mac.a */ = {
			isa = PBXReferenceProxy;
			fileType = archive.ar;
			path = "libbox2d Mac.a";
			remoteRef = 1AC6FAFE180E9839004C840B /* PBXContainerItemProxy */;
			sourceTree = BUILT_PRODUCTS_DIR;
		};
		1AC6FB01180E9839004C840B /* libCocosDenshion Mac.a */ = {
			isa = PBXReferenceProxy;
			fileType = archive.ar;
			path = "libCocosDenshion Mac.a";
			remoteRef = 1AC6FB00180E9839004C840B /* PBXContainerItemProxy */;
			sourceTree = BUILT_PRODUCTS_DIR;
		};
		1AC6FB07180E9839004C840B /* libcocos2dx iOS.a */ = {
			isa = PBXReferenceProxy;
			fileType = archive.ar;
			path = "libcocos2dx iOS.a";
			remoteRef = 1AC6FB06180E9839004C840B /* PBXContainerItemProxy */;
			sourceTree = BUILT_PRODUCTS_DIR;
		};
		1AC6FB09180E9839004C840B /* libcocos2dx-extensions iOS.a */ = {
			isa = PBXReferenceProxy;
			fileType = archive.ar;
			path = "libcocos2dx-extensions iOS.a";
			remoteRef = 1AC6FB08180E9839004C840B /* PBXContainerItemProxy */;
			sourceTree = BUILT_PRODUCTS_DIR;
		};
		1AC6FB0B180E9839004C840B /* libchipmunk iOS.a */ = {
			isa = PBXReferenceProxy;
			fileType = archive.ar;
			path = "libchipmunk iOS.a";
			remoteRef = 1AC6FB0A180E9839004C840B /* PBXContainerItemProxy */;
			sourceTree = BUILT_PRODUCTS_DIR;
		};
		1AC6FB0D180E9839004C840B /* libbox2d iOS.a */ = {
			isa = PBXReferenceProxy;
			fileType = archive.ar;
			path = "libbox2d iOS.a";
			remoteRef = 1AC6FB0C180E9839004C840B /* PBXContainerItemProxy */;
			sourceTree = BUILT_PRODUCTS_DIR;
		};
		1AC6FB0F180E9839004C840B /* libCocosDenshion iOS.a */ = {
			isa = PBXReferenceProxy;
			fileType = archive.ar;
			path = "libCocosDenshion iOS.a";
			remoteRef = 1AC6FB0E180E9839004C840B /* PBXContainerItemProxy */;
			sourceTree = BUILT_PRODUCTS_DIR;
		};
/* End PBXReferenceProxy section */

/* Begin PBXResourcesBuildPhase section */
		1D60588D0D05DD3D006BFB54 /* Resources */ = {
			isa = PBXResourcesBuildPhase;
			buildActionMask = 2147483647;
			files = (
				CE93B4C0188156FC00825FD1 /* grid32.png in Resources */,
				CE93B4BF188156FC00825FD1 /* fonts in Resources */,
				CE93B4C8188156FC00825FD1 /* menu_button.png in Resources */,
				5087E78117EB970100C73F5D /* Icon-120.png in Resources */,
				5087E78617EB970100C73F5D /* Icon-76.png in Resources */,
				CE2F8A3F18AF28E5001B457C /* novel in Resources */,
				5087E77F17EB970100C73F5D /* Default@2x.png in Resources */,
				CE73FB2418B0A3F1009273D0 /* test_master in Resources */,
				CEB1A5E71881895A00D26BAE /* ui in Resources */,
				CECE37B518B9A6EA0086C8A0 /* battle in Resources */,
				50EF629917ECD46A001EB2F8 /* Icon-100.png in Resources */,
				5087E78317EB970100C73F5D /* Icon-152.png in Resources */,
				CE6E644C18DB33CF0008C116 /* game_over.jpg in Resources */,
				CECE37AD18B9A08C0086C8A0 /* bg in Resources */,
				CE0D522B188A507F00ECB309 /* icon_set in Resources */,
				CE81F79618940AA900A8162B /* kaidan.png in Resources */,
				5087E77D17EB970100C73F5D /* Default-568h@2x.png in Resources */,
				5087E78517EB970100C73F5D /* Icon-72.png in Resources */,
				50EF62A317ECD613001EB2F8 /* Icon-50.png in Resources */,
				CEF46A6818B87A0200F887CA /* actor in Resources */,
				5087E78017EB970100C73F5D /* Icon-114.png in Resources */,
				50EF62A217ECD613001EB2F8 /* Icon-29.png in Resources */,
				CE93B4CA188156FC00825FD1 /* tmx in Resources */,
				50EF629617ECD46A001EB2F8 /* Icon-40.png in Resources */,
				5087E78217EB970100C73F5D /* Icon-144.png in Resources */,
				50EF629817ECD46A001EB2F8 /* Icon-80.png in Resources */,
				5087E78417EB970100C73F5D /* Icon-57.png in Resources */,
				5087E77E17EB970100C73F5D /* Default.png in Resources */,
				50EF629717ECD46A001EB2F8 /* Icon-58.png in Resources */,
			);
			runOnlyForDeploymentPostprocessing = 0;
		};
		5087E74817EB910900C73F5D /* Resources */ = {
			isa = PBXResourcesBuildPhase;
			buildActionMask = 2147483647;
			files = (
				503AE0F817EB97AB00D1A890 /* Icon.icns in Resources */,
			);
			runOnlyForDeploymentPostprocessing = 0;
		};
/* End PBXResourcesBuildPhase section */

/* Begin PBXShellScriptBuildPhase section */
		CE4FCB4018B8D6F3006EAC0B /* ShellScript */ = {
			isa = PBXShellScriptBuildPhase;
			buildActionMask = 2147483647;
			files = (
			);
			inputPaths = (
			);
			outputPaths = (
			);
			runOnlyForDeploymentPostprocessing = 0;
			shellPath = /bin/sh;
			shellScript = "find \"${PROJECT_DIR}/../Resources/.\" -exec touch -cm {} \\;";
		};
/* End PBXShellScriptBuildPhase section */

/* Begin PBXSourcesBuildPhase section */
		1D60588E0D05DD3D006BFB54 /* Sources */ = {
			isa = PBXSourcesBuildPhase;
			buildActionMask = 2147483647;
			files = (
				CE119DDE1919F1A50047B44D /* TopPageLayer.cpp in Sources */,
				CE626DF01914BEF6005925DC /* TableViewTestLayer.cpp in Sources */,
				CE5AC3F1191692AA00ED0A22 /* ItemInventoryLayer.cpp in Sources */,
				CE9A70441918BBF300F685A4 /* SystemDataDto.cpp in Sources */,
				503AE10017EB989F00D1A890 /* AppController.mm in Sources */,
				CE626DFD1914BEF6005925DC /* BattleLogic.cpp in Sources */,
				CE626DE81914BEF6005925DC /* BattleScene.cpp in Sources */,
				CE626DF41914BEF6005925DC /* MLevelDao.cpp in Sources */,
				503AE10217EB989F00D1A890 /* RootViewController.mm in Sources */,
				CE626DED1914BEF6005925DC /* JoystickLayer.cpp in Sources */,
				CE626DEA1914BEF6005925DC /* AlertDialogLayer.cpp in Sources */,
				CEA247F319152C8100B0656A /* ItemDto.cpp in Sources */,
				CE119DDB1919F1730047B44D /* ItemStockPageLayer.cpp in Sources */,
				CE626E081914BEF6005925DC /* DropItemSprite.cpp in Sources */,
				1AFAF8B716D35DE700DB1158 /* AppDelegate.cpp in Sources */,
				CE626DEE1914BEF6005925DC /* ModalLayer.cpp in Sources */,
				CE626E041914BEF6005925DC /* RogueTMXTiledMap.cpp in Sources */,
				CE1EFC7B191A047500E5EFE4 /* MypageHeaderLayer.cpp in Sources */,
				CE626DF11914BEF6005925DC /* ActorSprite.cpp in Sources */,
				CE626DF61914BEF6005925DC /* MWeaponDao.cpp in Sources */,
				CE626DFF1914BEF6005925DC /* MapManager.cpp in Sources */,
				CE626DF81914BEF6005925DC /* MLevel.cpp in Sources */,
				CE626E001914BEF6005925DC /* NovelScene.cpp in Sources */,
				CE626DF21914BEF6005925DC /* CommonWindowUtil.cpp in Sources */,
				CE626DFB1914BEF6005925DC /* ActorDto.cpp in Sources */,
				CE626E011914BEF6005925DC /* AccountData.cpp in Sources */,
				CE626DFC1914BEF6005925DC /* ActorEquipDto.cpp in Sources */,
				CE626DF51914BEF6005925DC /* MUseItemDao.cpp in Sources */,
				CE626DFE1914BEF6005925DC /* ItemLogic.cpp in Sources */,
				CE626DEF1914BEF6005925DC /* SystemMenuLayer.cpp in Sources */,
				CE626DEC1914BEF6005925DC /* ItemWindowLayer.cpp in Sources */,
				CE626DE91914BEF6005925DC /* LabelRPG.cpp in Sources */,
				CE626E071914BEF6005925DC /* RogueScene.cpp in Sources */,
				CE626E061914BEF6005925DC /* MypageScene.cpp in Sources */,
				CE626DF71914BEF6005925DC /* MAccessory.cpp in Sources */,
				503AE10117EB989F00D1A890 /* main.m in Sources */,
				CE119DE11919F44F0047B44D /* ItemMixedPageLayer.cpp in Sources */,
				CE626DFA1914BEF6005925DC /* MWeapon.cpp in Sources */,
				CE626DF91914BEF6005925DC /* MUseItem.cpp in Sources */,
				CE626E091914BEF6005925DC /* SRPGMapLayer.cpp in Sources */,
				CE626E0A1914BEF6005925DC /* SRPGScene.cpp in Sources */,
				CE626E0D1914C68B005925DC /* ItemInventoryDto.cpp in Sources */,
				CE626DF31914BEF6005925DC /* MAccessoryDao.cpp in Sources */,
			);
			runOnlyForDeploymentPostprocessing = 0;
		};
		5087E75617EB910900C73F5D /* Sources */ = {
			isa = PBXSourcesBuildPhase;
			buildActionMask = 2147483647;
			files = (
				5087E75717EB910900C73F5D /* AppDelegate.cpp in Sources */,
				503AE10517EB98FF00D1A890 /* main.cpp in Sources */,
			);
			runOnlyForDeploymentPostprocessing = 0;
		};
/* End PBXSourcesBuildPhase section */

/* Begin PBXTargetDependency section */
		1AC6FB16180E9959004C840B /* PBXTargetDependency */ = {
			isa = PBXTargetDependency;
			name = "cocos2dx Mac";
			targetProxy = 1AC6FB15180E9959004C840B /* PBXContainerItemProxy */;
		};
		1AC6FB18180E9959004C840B /* PBXTargetDependency */ = {
			isa = PBXTargetDependency;
			name = "cocos2dx-extensions Mac";
			targetProxy = 1AC6FB17180E9959004C840B /* PBXContainerItemProxy */;
		};
		1AC6FB1A180E9959004C840B /* PBXTargetDependency */ = {
			isa = PBXTargetDependency;
			name = "chipmunk Mac";
			targetProxy = 1AC6FB19180E9959004C840B /* PBXContainerItemProxy */;
		};
		1AC6FB1C180E9959004C840B /* PBXTargetDependency */ = {
			isa = PBXTargetDependency;
			name = "CocosDenshion Mac";
			targetProxy = 1AC6FB1B180E9959004C840B /* PBXContainerItemProxy */;
		};
		1AC6FB1E180E9963004C840B /* PBXTargetDependency */ = {
			isa = PBXTargetDependency;
			name = "box2d Mac";
			targetProxy = 1AC6FB1D180E9963004C840B /* PBXContainerItemProxy */;
		};
		1AC6FB25180E99E1004C840B /* PBXTargetDependency */ = {
			isa = PBXTargetDependency;
			name = "cocos2dx iOS";
			targetProxy = 1AC6FB24180E99E1004C840B /* PBXContainerItemProxy */;
		};
		1AC6FB27180E99E1004C840B /* PBXTargetDependency */ = {
			isa = PBXTargetDependency;
			name = "cocos2dx-extensions iOS";
			targetProxy = 1AC6FB26180E99E1004C840B /* PBXContainerItemProxy */;
		};
		1AC6FB29180E99E1004C840B /* PBXTargetDependency */ = {
			isa = PBXTargetDependency;
			name = "chipmunk iOS";
			targetProxy = 1AC6FB28180E99E1004C840B /* PBXContainerItemProxy */;
		};
		1AC6FB2B180E99E1004C840B /* PBXTargetDependency */ = {
			isa = PBXTargetDependency;
			name = "box2d iOS";
			targetProxy = 1AC6FB2A180E99E1004C840B /* PBXContainerItemProxy */;
		};
		1AC6FB2D180E99E1004C840B /* PBXTargetDependency */ = {
			isa = PBXTargetDependency;
			name = "CocosDenshion iOS";
			targetProxy = 1AC6FB2C180E99E1004C840B /* PBXContainerItemProxy */;
		};
/* End PBXTargetDependency section */

/* Begin XCBuildConfiguration section */
		1D6058940D05DD3E006BFB54 /* Debug */ = {
			isa = XCBuildConfiguration;
			buildSettings = {
				ALWAYS_SEARCH_USER_PATHS = YES;
				CODE_SIGN_IDENTITY = "iPhone Developer";
				COMPRESS_PNG_FILES = NO;
				GCC_DYNAMIC_NO_PIC = NO;
				GCC_INLINES_ARE_PRIVATE_EXTERN = NO;
				GCC_PRECOMPILE_PREFIX_HEADER = YES;
				GCC_PREFIX_HEADER = ios/Prefix.pch;
				GCC_PREPROCESSOR_DEFINITIONS = (
					USE_FILE32API,
					CC_TARGET_OS_IPHONE,
					"COCOS2D_DEBUG=1",
					"CC_ENABLE_CHIPMUNK_INTEGRATION=1",
				);
				GCC_SYMBOLS_PRIVATE_EXTERN = NO;
				HEADER_SEARCH_PATHS = (
					"$(inherited)",
					"$(SRCROOT)/../cocos2d/cocos/2d/platform/ios",
					"$(SRCROOT)/../cocos2d/cocos/2d/platform/ios/Simulation",
				);
				INFOPLIST_FILE = ios/Info.plist;
				IPHONEOS_DEPLOYMENT_TARGET = 5.0;
				LIBRARY_SEARCH_PATHS = "";
				SDKROOT = iphoneos;
				TARGETED_DEVICE_FAMILY = "1,2";
				USER_HEADER_SEARCH_PATHS = "";
			};
			name = Debug;
		};
		1D6058950D05DD3E006BFB54 /* Release */ = {
			isa = XCBuildConfiguration;
			buildSettings = {
				ALWAYS_SEARCH_USER_PATHS = YES;
				CODE_SIGN_IDENTITY = "iPhone Developer";
				COMPRESS_PNG_FILES = NO;
				GCC_INLINES_ARE_PRIVATE_EXTERN = NO;
				GCC_PRECOMPILE_PREFIX_HEADER = YES;
				GCC_PREFIX_HEADER = ios/Prefix.pch;
				GCC_PREPROCESSOR_DEFINITIONS = (
					USE_FILE32API,
					CC_TARGET_OS_IPHONE,
					"CC_ENABLE_CHIPMUNK_INTEGRATION=1",
				);
				GCC_SYMBOLS_PRIVATE_EXTERN = NO;
				HEADER_SEARCH_PATHS = (
					"$(inherited)",
					"$(SRCROOT)/../cocos2d/cocos/2d/platform/ios",
					"$(SRCROOT)/../cocos2d/cocos/2d/platform/ios/Simulation",
				);
				INFOPLIST_FILE = ios/Info.plist;
				IPHONEOS_DEPLOYMENT_TARGET = 5.0;
				LIBRARY_SEARCH_PATHS = "";
				SDKROOT = iphoneos;
				TARGETED_DEVICE_FAMILY = "1,2";
				USER_HEADER_SEARCH_PATHS = "";
			};
			name = Release;
		};
		5087E76D17EB910900C73F5D /* Debug */ = {
			isa = XCBuildConfiguration;
			buildSettings = {
				ALWAYS_SEARCH_USER_PATHS = YES;
				ARCHS = "$(ARCHS_STANDARD_64_BIT)";
				CLANG_CXX_LANGUAGE_STANDARD = "c++0x";
				CLANG_CXX_LIBRARY = "libc++";
				GCC_DYNAMIC_NO_PIC = NO;
				GCC_INLINES_ARE_PRIVATE_EXTERN = NO;
				GCC_PRECOMPILE_PREFIX_HEADER = YES;
				GCC_PREFIX_HEADER = mac/Prefix.pch;
				GCC_PREPROCESSOR_DEFINITIONS = (
					USE_FILE32API,
					CC_TARGET_OS_MAC,
					"COCOS2D_DEBUG=1",
					"CC_ENABLE_CHIPMUNK_INTEGRATION=1",
				);
				GCC_SYMBOLS_PRIVATE_EXTERN = NO;
				HEADER_SEARCH_PATHS = (
					"$(inherited)",
					"$(SRCROOT)/../cocos2d/cocos/2d/platform/mac",
					"$(SRCROOT)/../cocos2d/external/glfw3/include/mac",
				);
				INFOPLIST_FILE = mac/Info.plist;
				LIBRARY_SEARCH_PATHS = "";
				USER_HEADER_SEARCH_PATHS = "";
			};
			name = Debug;
		};
		5087E76E17EB910900C73F5D /* Release */ = {
			isa = XCBuildConfiguration;
			buildSettings = {
				ALWAYS_SEARCH_USER_PATHS = YES;
				ARCHS = "$(ARCHS_STANDARD_64_BIT)";
				CLANG_CXX_LANGUAGE_STANDARD = "c++0x";
				CLANG_CXX_LIBRARY = "libc++";
				GCC_INLINES_ARE_PRIVATE_EXTERN = NO;
				GCC_PRECOMPILE_PREFIX_HEADER = YES;
				GCC_PREFIX_HEADER = mac/Prefix.pch;
				GCC_PREPROCESSOR_DEFINITIONS = (
					USE_FILE32API,
					CC_TARGET_OS_MAC,
					"CC_ENABLE_CHIPMUNK_INTEGRATION=1",
				);
				GCC_SYMBOLS_PRIVATE_EXTERN = NO;
				HEADER_SEARCH_PATHS = (
					"$(inherited)",
					"$(SRCROOT)/../cocos2d/cocos/2d/platform/mac",
					"$(SRCROOT)/../cocos2d/external/glfw3/include/mac",
				);
				INFOPLIST_FILE = mac/Info.plist;
				LIBRARY_SEARCH_PATHS = "";
				USER_HEADER_SEARCH_PATHS = "";
			};
			name = Release;
		};
		C01FCF4F08A954540054247B /* Debug */ = {
			isa = XCBuildConfiguration;
			buildSettings = {
				CLANG_CXX_LANGUAGE_STANDARD = "c++0x";
				CLANG_CXX_LIBRARY = "libc++";
				COPY_PHASE_STRIP = NO;
				GCC_OPTIMIZATION_LEVEL = 0;
				GCC_WARN_ABOUT_RETURN_TYPE = YES;
				GCC_WARN_UNUSED_VARIABLE = YES;
				HEADER_SEARCH_PATHS = (
					"$(SRCROOT)/../cocos2d",
					"$(SRCROOT)/../cocos2d/cocos",
					"$(SRCROOT)/../cocos2d/cocos/base",
					"$(SRCROOT)/../cocos2d/cocos/physics",
					"$(SRCROOT)/../cocos2d/cocos/math/kazmath",
					"$(SRCROOT)/../cocos2d/cocos/2d",
					"$(SRCROOT)/../cocos2d/cocos/gui",
					"$(SRCROOT)/../cocos2d/cocos/network",
					"$(SRCROOT)/../cocos2d/cocos/audio/include",
					"$(SRCROOT)/../cocos2d/cocos/editor-support",
					"$(SRCROOT)/../cocos2d/extensions",
					"$(SRCROOT)/../cocos2d/external",
					"$(SRCROOT)/../cocos2d/external/chipmunk/include/chipmunk",
				);
				ONLY_ACTIVE_ARCH = YES;
				PRODUCT_NAME = "$(TARGET_NAME)";
				SDKROOT = macosx;
			};
			name = Debug;
		};
		C01FCF5008A954540054247B /* Release */ = {
			isa = XCBuildConfiguration;
			buildSettings = {
				CLANG_CXX_LANGUAGE_STANDARD = "c++0x";
				CLANG_CXX_LIBRARY = "libc++";
				GCC_WARN_ABOUT_RETURN_TYPE = YES;
				GCC_WARN_UNUSED_VARIABLE = YES;
				HEADER_SEARCH_PATHS = (
					"$(SRCROOT)/../cocos2d",
					"$(SRCROOT)/../cocos2d/cocos",
					"$(SRCROOT)/../cocos2d/cocos/base",
					"$(SRCROOT)/../cocos2d/cocos/physics",
					"$(SRCROOT)/../cocos2d/cocos/math/kazmath",
					"$(SRCROOT)/../cocos2d/cocos/2d",
					"$(SRCROOT)/../cocos2d/cocos/gui",
					"$(SRCROOT)/../cocos2d/cocos/network",
					"$(SRCROOT)/../cocos2d/cocos/audio/include",
					"$(SRCROOT)/../cocos2d/cocos/editor-support",
					"$(SRCROOT)/../cocos2d/extensions",
					"$(SRCROOT)/../cocos2d/external",
					"$(SRCROOT)/../cocos2d/external/chipmunk/include/chipmunk",
				);
				OTHER_CFLAGS = "-DNS_BLOCK_ASSERTIONS=1";
				PRODUCT_NAME = "$(TARGET_NAME)";
				SDKROOT = macosx;
				VALIDATE_PRODUCT = YES;
			};
			name = Release;
		};
/* End XCBuildConfiguration section */

/* Begin XCConfigurationList section */
		1D6058960D05DD3E006BFB54 /* Build configuration list for PBXNativeTarget "Cocos2dRogueLike iOS" */ = {
			isa = XCConfigurationList;
			buildConfigurations = (
				1D6058940D05DD3E006BFB54 /* Debug */,
				1D6058950D05DD3E006BFB54 /* Release */,
			);
			defaultConfigurationIsVisible = 0;
			defaultConfigurationName = Debug;
		};
		5087E76C17EB910900C73F5D /* Build configuration list for PBXNativeTarget "Cocos2dRogueLike Mac" */ = {
			isa = XCConfigurationList;
			buildConfigurations = (
				5087E76D17EB910900C73F5D /* Debug */,
				5087E76E17EB910900C73F5D /* Release */,
			);
			defaultConfigurationIsVisible = 0;
			defaultConfigurationName = Debug;
		};
		C01FCF4E08A954540054247B /* Build configuration list for PBXProject "Cocos2dRogueLike" */ = {
			isa = XCConfigurationList;
			buildConfigurations = (
				C01FCF4F08A954540054247B /* Debug */,
				C01FCF5008A954540054247B /* Release */,
			);
			defaultConfigurationIsVisible = 0;
			defaultConfigurationName = Debug;
		};
/* End XCConfigurationList section */
	};
	rootObject = 29B97313FDCFA39411CA2CEA /* Project object */;
}
